Microsoft Visual Studio Solution File, Format Version 12.00
# Visual Studio Version 18
VisualStudioVersion = 18.0
MinimumVisualStudioVersion = 10.0.40219.1
Project("{2150E333-8FDC-42A3-9474-1A3956D46DE8}") = "Application", "Application", "{A1B2C3D4-E5F6-7890-ABCD-EF1234567890}"
EndProject
Project("{2150E333-8FDC-42A3-9474-1A3956D46DE8}") = "Core Libraries", "Core Libraries", "{79DF9179-1B4A-475B-8004-50C36CCC6BD1}"
EndProject
Project("{2150E333-8FDC-42A3-9474-1A3956D46DE8}") = "Third Party", "Third Party", "{17F1358A-135A-41E2-9EB1-86E0B4B5F9FD}"
EndProject
Project("{8BC9CEB8-8B4A-11D0-8D11-00A0C91BC942}") = "AeSys", "Application\AeSys\AeSys.vcxproj", "{99616C98-7844-41E8-BC1F-B16C4044EB44}"
	ProjectSection(ProjectDependencies) = postProject
		{AD220B98-AD6D-4826-B211-96DC6EBBF69B} = {AD220B98-AD6D-4826-B211-96DC6EBBF69B}
	EndProjectSection
EndProject
Project("{8BC9CEB8-8B4A-11D0-8D11-00A0C91BC942}") = "ReflexLib", "Core Libraries\ReflexLib\ReflexLib.vcxproj", "{79C9DBD9-E32A-4B2B-BEF5-0271973883EC}"
EndProject
Project("{8BC9CEB8-8B4A-11D0-8D11-00A0C91BC942}") = "Reflex", "Core Libraries\Reflex\Reflex.vcxproj", "{AD220B98-AD6D-4826-B211-96DC6EBBF69B}"
	ProjectSection(ProjectDependencies) = postProject
		{79C9DBD9-E32A-4B2B-BEF5-0271973883EC} = {79C9DBD9-E32A-4B2B-BEF5-0271973883EC}
	EndProjectSection
EndProject
Project("{8BC9CEB8-8B4A-11D0-8D11-00A0C91BC942}") = "EoDxfLib", "Core Libraries\EoDxfLib\EoDxfLib.vcxproj", "{357A8016-9AD4-47EF-B23C-2071C264793B}"
EndProject
Project("{8BC9CEB8-8B4A-11D0-8D11-00A0C91BC942}") = "EoDdeLib", "Core Libraries\EoDdeLib\EoDdeLib.vcxproj", "{B8F5E3A1-7C2D-4E9F-A6D8-3F1B5C8E2D4A}"
EndProject
Project("{2150E333-8FDC-42A3-9474-1A3956D46DE8}") = ".Solution Items", ".Solution Items", "{7FCDF878-F1AE-4461-8BEE-CEA429D91BCF}"
	ProjectSection(SolutionItems) = preProject
		.clang-format = .clang-format
		.clang-tidy = .clang-tidy
		.editorconfig = .editorconfig
		.github\copilot-instructions.md = .github\copilot-instructions.md
	EndProjectSection
EndProject
Project("{2150E333-8FDC-42A3-9474-1A3956D46DE8}") = "DXF Test FIles", "DXF Test FIles", "{DC37B473-B533-4702-B6C8-FE02708EB7DB}"
	ProjectSection(SolutionItems) = preProject
		DXF Test Files\3dFace_Test.dxf = DXF Test Files\3dFace_Test.dxf
		DXF Test Files\AcadProxyEntity_Test.dxf = DXF Test Files\AcadProxyEntity_Test.dxf
		DXF Test Files\AEC_Bldg_Plan_Sample-(2010)-1.dxf = DXF Test Files\AEC_Bldg_Plan_Sample-(2010)-1.dxf
		DXF Test Files\Ellipse_And_EllipticalArc_Test.dxf = DXF Test Files\Ellipse_And_EllipticalArc_Test.dxf
		DXF Test Files\Ellipse_NegZ_CW_Test.dxf = DXF Test Files\Ellipse_NegZ_CW_Test.dxf
		DXF Test Files\Floor Plan Sample.dxf = DXF Test Files\Floor Plan Sample.dxf
		DXF Test Files\Hatch_Boundary_Test_Mixed.dxf = DXF Test Files\Hatch_Boundary_Test_Mixed.dxf
		DXF Test Files\Heavy_Polyline_Subtypes.dxf = DXF Test Files\Heavy_Polyline_Subtypes.dxf
		C:\Users\tsmit\Desktop\Help Peg.pdf = C:\Users\tsmit\Desktop\Help Peg.pdf
		DXF Test Files\LWPolyline_Bulge_Test.dxf = DXF Test Files\LWPolyline_Bulge_Test.dxf
		DXF Test Files\Minimal_DXF_AC1021.dxf = DXF Test Files\Minimal_DXF_AC1021.dxf
		DXF Test Files\RoomNumber_Block_Insert.dxf = DXF Test Files\RoomNumber_Block_Insert.dxf
		DXF Test Files\Single Polyline (68 vertices) with global vertex width (2.5).dxf = DXF Test Files\Single Polyline (68 vertices) with global vertex width (2.5).dxf
		DXF Test Files\Single Polyline with vertex widths.dxf = DXF Test Files\Single Polyline with vertex widths.dxf
		DXF Test Files\Spline_Test.dxf = DXF Test Files\Spline_Test.dxf
	EndProjectSection
EndProject
Project("{2150E333-8FDC-42A3-9474-1A3956D46DE8}") = "Tools", "Tools", "{923FCE64-FB18-4901-944B-3F0567CAD53C}"
	ProjectSection(SolutionItems) = preProject
		Tools\ConvertPsfToText.ps1 = Tools\ConvertPsfToText.ps1
		Tools\ConvertStrokeFontV1ToV2.ps1 = Tools\ConvertStrokeFontV1ToV2.ps1
		Tools\ConvertTextToPsf.ps1 = Tools\ConvertTextToPsf.ps1
		Tools\GenerateToolbarBitmaps.ps1 = Tools\GenerateToolbarBitmaps.ps1
	EndProjectSection
EndProject
Project("{2150E333-8FDC-42A3-9474-1A3956D46DE8}") = "Documentation", "Documentation", "{89A30A22-22FE-4682-AFD1-A948713CDE20}"
	ProjectSection(SolutionItems) = preProject
		Documentation\AcadEntityObjectHierarchy.md = Documentation\AcadEntityObjectHierarchy.md
		Documentation\autocad_2012_pdf_dxf-reference_enu.pdf = Documentation\autocad_2012_pdf_dxf-reference_enu.pdf
		Documentation\Dde Description and Few Uses.md = Documentation\Dde Description and Few Uses.md
		Documentation\Direct2D_Test_Regimen.md = Documentation\Direct2D_Test_Regimen.md
		Documentation\DXF - Storage of String Values.md = Documentation\DXF - Storage of String Values.md
		Documentation\dxf header.md = Documentation\dxf header.md
		Documentation\ezdxf class structure diagram.md = Documentation\ezdxf class structure diagram.md
		Documentation\Help Peg.pdf = Documentation\Help Peg.pdf
		Documentation\IntroducingHandles.md = Documentation\IntroducingHandles.md
		Documentation\Job File Format.md = Documentation\Job File Format.md
		Documentation\Modern DimLinear Dimension (aligned and rotated).pdf = Documentation\Modern DimLinear Dimension (aligned and rotated).pdf
		Documentation\OpenDesign_Specification_for_.dwg_files.pdf = Documentation\OpenDesign_Specification_for_.dwg_files.pdf
		Documentation\Peg & Tra File Formats.md = Documentation\Peg & Tra File Formats.md
		Documentation\Phase6_Direct2D_Backend_Plan.md = Documentation\Phase6_Direct2D_Backend_Plan.md
		Documentation\Simplex PSF Format.md = Documentation\Simplex PSF Format.md
		VS2026 - UI Shell Background Colors.md = VS2026 - UI Shell Background Colors.md
	EndProjectSection
EndProject
Project("{2150E333-8FDC-42A3-9474-1A3956D46DE8}") = "Header Tests by Version", "Header Tests by Version", "{2ADADC69-8FC1-4F37-BC59-9EB19F00E673}"
	ProjectSection(SolutionItems) = preProject
		DXF Test Files\AC1004 - R9\AC1004 - Empty-1layout.dxf = DXF Test Files\AC1004 - R9\AC1004 - Empty-1layout.dxf
		DXF Test Files\AC1006 - R10\AC1006 - Empty-1layout.dxf = DXF Test Files\AC1006 - R10\AC1006 - Empty-1layout.dxf
		DXF Test Files\AC1009 - R12\AC1009 - Empty-1layout.dxf = DXF Test Files\AC1009 - R12\AC1009 - Empty-1layout.dxf
		DXF Test Files\AC1012 - R13\AC1012 - Empty-1layout.dxf = DXF Test Files\AC1012 - R13\AC1012 - Empty-1layout.dxf
		DXF Test Files\AC1014 - R14\AC1014 - Empty-1layout.dxf = DXF Test Files\AC1014 - R14\AC1014 - Empty-1layout.dxf
		DXF Test Files\AC1015 - 2000\AC1015 - Empty-1layout.dxf = DXF Test Files\AC1015 - 2000\AC1015 - Empty-1layout.dxf
		DXF Test Files\AC1018 - 2004\AC1018 - Empty-1layout.dxf = DXF Test Files\AC1018 - 2004\AC1018 - Empty-1layout.dxf
		DXF Test Files\AC1021 - 2007\AC1021 - Empty-1layout.dxf = DXF Test Files\AC1021 - 2007\AC1021 - Empty-1layout.dxf
		DXF Test Files\AC1024 - 2010\AC1024 - Empty-1layout.dxf = DXF Test Files\AC1024 - 2010\AC1024 - Empty-1layout.dxf
		DXF Test Files\AC1027 - 2013\AC1027 - Empty-1layout.dxf = DXF Test Files\AC1027 - 2013\AC1027 - Empty-1layout.dxf
	EndProjectSection
EndProject
Project("{2150E333-8FDC-42A3-9474-1A3956D46DE8}") = "DWG Test Files", "DWG Test Files", "{39993552-4907-4518-AE8D-72FBD3A69AE4}"
	ProjectSection(SolutionItems) = preProject
		DWG Test Files\architectural_-_annotation_scaling_and_multileaders.dwg = DWG Test Files\architectural_-_annotation_scaling_and_multileaders.dwg
		DWG Test Files\architectural_example-imperial.dwg = DWG Test Files\architectural_example-imperial.dwg
		DWG Test Files\blocks_and_tables_-_imperial.dwg = DWG Test Files\blocks_and_tables_-_imperial.dwg
		DWG Test Files\civil_example-imperial.dwg = DWG Test Files\civil_example-imperial.dwg
		DWG Test Files\colorwh.dwg = DWG Test Files\colorwh.dwg
		DWG Test Files\lineweights.dwg = DWG Test Files\lineweights.dwg
		DWG Test Files\mechanical_example-imperial.dwg = DWG Test Files\mechanical_example-imperial.dwg
		DWG Test Files\plot_screening_and_fill_patterns.dwg = DWG Test Files\plot_screening_and_fill_patterns.dwg
		DWG Test Files\tablet.dwg = DWG Test Files\tablet.dwg
		DWG Test Files\title_block-arch.dwg = DWG Test Files\title_block-arch.dwg
		DWG Test Files\truetype.dwg = DWG Test Files\truetype.dwg
		DWG Test Files\visualization_-_aerial.dwg = DWG Test Files\visualization_-_aerial.dwg
		DWG Test Files\visualization_-_condominium_with_skylight.dwg = DWG Test Files\visualization_-_condominium_with_skylight.dwg
		DWG Test Files\visualization_-_conference_room.dwg = DWG Test Files\visualization_-_conference_room.dwg
	EndProjectSection
EndProject
Global
	GlobalSection(SolutionConfigurationPlatforms) = preSolution
		Debug|Win32 = Debug|Win32
		Debug|x64 = Debug|x64
		Release|Win32 = Release|Win32
		Release|x64 = Release|x64
	EndGlobalSection
	GlobalSection(ProjectConfigurationPlatforms) = postSolution
		{99616C98-7844-41E8-BC1F-B16C4044EB44}.Debug|Win32.ActiveCfg = Debug|Win32
		{99616C98-7844-41E8-BC1F-B16C4044EB44}.Debug|Win32.Build.0 = Debug|Win32
		{99616C98-7844-41E8-BC1F-B16C4044EB44}.Debug|x64.ActiveCfg = Debug|x64
		{99616C98-7844-41E8-BC1F-B16C4044EB44}.Debug|x64.Build.0 = Debug|x64
		{99616C98-7844-41E8-BC1F-B16C4044EB44}.Release|Win32.ActiveCfg = Release|Win32
		{99616C98-7844-41E8-BC1F-B16C4044EB44}.Release|Win32.Build.0 = Release|Win32
		{99616C98-7844-41E8-BC1F-B16C4044EB44}.Release|x64.ActiveCfg = Release|x64
		{99616C98-7844-41E8-BC1F-B16C4044EB44}.Release|x64.Build.0 = Release|x64
		{79C9DBD9-E32A-4B2B-BEF5-0271973883EC}.Debug|Win32.ActiveCfg = Debug|Win32
		{79C9DBD9-E32A-4B2B-BEF5-0271973883EC}.Debug|Win32.Build.0 = Debug|Win32
		{79C9DBD9-E32A-4B2B-BEF5-0271973883EC}.Debug|x64.ActiveCfg = Debug|x64
		{79C9DBD9-E32A-4B2B-BEF5-0271973883EC}.Debug|x64.Build.0 = Debug|x64
		{79C9DBD9-E32A-4B2B-BEF5-0271973883EC}.Release|Win32.ActiveCfg = Release|Win32
		{79C9DBD9-E32A-4B2B-BEF5-0271973883EC}.Release|Win32.Build.0 = Release|Win32
		{79C9DBD9-E32A-4B2B-BEF5-0271973883EC}.Release|x64.ActiveCfg = Release|x64
		{79C9DBD9-E32A-4B2B-BEF5-0271973883EC}.Release|x64.Build.0 = Release|x64
		{AD220B98-AD6D-4826-B211-96DC6EBBF69B}.Debug|Win32.ActiveCfg = Debug|Win32
		{AD220B98-AD6D-4826-B211-96DC6EBBF69B}.Debug|Win32.Build.0 = Debug|Win32
		{AD220B98-AD6D-4826-B211-96DC6EBBF69B}.Debug|x64.ActiveCfg = Debug|x64
		{AD220B98-AD6D-4826-B211-96DC6EBBF69B}.Debug|x64.Build.0 = Debug|x64
		{AD220B98-AD6D-4826-B211-96DC6EBBF69B}.Release|Win32.ActiveCfg = Release|Win32
		{AD220B98-AD6D-4826-B211-96DC6EBBF69B}.Release|Win32.Build.0 = Release|Win32
		{AD220B98-AD6D-4826-B211-96DC6EBBF69B}.Release|x64.ActiveCfg = Release|x64
		{AD220B98-AD6D-4826-B211-96DC6EBBF69B}.Release|x64.Build.0 = Release|x64
		{357A8016-9AD4-47EF-B23C-2071C264793B}.Debug|Win32.ActiveCfg = Debug|Win32
		{357A8016-9AD4-47EF-B23C-2071C264793B}.Debug|Win32.Build.0 = Debug|Win32
		{357A8016-9AD4-47EF-B23C-2071C264793B}.Debug|x64.ActiveCfg = Debug|x64
		{357A8016-9AD4-47EF-B23C-2071C264793B}.Debug|x64.Build.0 = Debug|x64
		{357A8016-9AD4-47EF-B23C-2071C264793B}.Release|Win32.ActiveCfg = Release|Win32
		{357A8016-9AD4-47EF-B23C-2071C264793B}.Release|Win32.Build.0 = Release|Win32
		{357A8016-9AD4-47EF-B23C-2071C264793B}.Release|x64.ActiveCfg = Release|x64
		{357A8016-9AD4-47EF-B23C-2071C264793B}.Release|x64.Build.0 = Release|x64
		{B8F5E3A1-7C2D-4E9F-A6D8-3F1B5C8E2D4A}.Debug|Win32.ActiveCfg = Debug|Win32
		{B8F5E3A1-7C2D-4E9F-A6D8-3F1B5C8E2D4A}.Debug|Win32.Build.0 = Debug|Win32
		{B8F5E3A1-7C2D-4E9F-A6D8-3F1B5C8E2D4A}.Debug|x64.ActiveCfg = Debug|x64
		{B8F5E3A1-7C2D-4E9F-A6D8-3F1B5C8E2D4A}.Debug|x64.Build.0 = Debug|x64
		{B8F5E3A1-7C2D-4E9F-A6D8-3F1B5C8E2D4A}.Release|Win32.ActiveCfg = Release|Win32
		{B8F5E3A1-7C2D-4E9F-A6D8-3F1B5C8E2D4A}.Release|Win32.Build.0 = Release|Win32
		{B8F5E3A1-7C2D-4E9F-A6D8-3F1B5C8E2D4A}.Release|x64.ActiveCfg = Release|x64
		{B8F5E3A1-7C2D-4E9F-A6D8-3F1B5C8E2D4A}.Release|x64.Build.0 = Release|x64
	EndGlobalSection
	GlobalSection(SolutionProperties) = preSolution
		HideSolutionNode = FALSE
	EndGlobalSection
	GlobalSection(NestedProjects) = preSolution
		{99616C98-7844-41E8-BC1F-B16C4044EB44} = {A1B2C3D4-E5F6-7890-ABCD-EF1234567890}
		{79C9DBD9-E32A-4B2B-BEF5-0271973883EC} = {79DF9179-1B4A-475B-8004-50C36CCC6BD1}
		{AD220B98-AD6D-4826-B211-96DC6EBBF69B} = {79DF9179-1B4A-475B-8004-50C36CCC6BD1}
		{357A8016-9AD4-47EF-B23C-2071C264793B} = {79DF9179-1B4A-475B-8004-50C36CCC6BD1}
		{B8F5E3A1-7C2D-4E9F-A6D8-3F1B5C8E2D4A} = {79DF9179-1B4A-475B-8004-50C36CCC6BD1}
		{2ADADC69-8FC1-4F37-BC59-9EB19F00E673} = {DC37B473-B533-4702-B6C8-FE02708EB7DB}
	EndGlobalSection
	GlobalSection(ExtensibilityGlobals) = postSolution
		SolutionGuid = {18F1F5CF-3E94-4C17-A101-89EB8CA0D5E6}
	EndGlobalSection
EndGlobal
