Microsoft Visual Studio Solution File, Format Version 12.00
# Visual Studio 11
Project("{8BC9CEB8-8B4A-11D0-8D11-00A0C91BC942}") = "AeSys", "AeSys\AeSys.vcxproj", "{99616C98-7844-41E8-BC1F-B16C4044EB44}"
EndProject
Project("{FAE04EC0-301F-11D3-BF4B-00C04F79EFBC}") = "TableGenerator", "Lex\LexicalAnalysis\TableGenerator.csproj", "{1CA46EF6-31E9-401B-AE99-AC7B6A3092FC}"
EndProject
Project("{2150E333-8FDC-42A3-9474-1A3956D46DE8}") = "Solution Items", "Solution Items", "{E0126F78-1720-481C-94CA-D04F1A04D4E1}"
	ProjectSection(SolutionItems) = preProject
		Eo.vsmdi = Eo.vsmdi
	EndProjectSection
EndProject
Global
	GlobalSection(TeamFoundationVersionControl) = preSolution
		SccEnterpriseProvider = {4CA58AB2-18FA-4F8D-95D4-32DDF27D184C}
		SccLocalPath0 = .
		SccLocalPath1 = AeSys
		SccLocalPath2 = Lex\\LexicalAnalysis
		SccNumberOfProjects = 3
		SccProjectName1 = AeSys
		SccProjectName2 = Lex/LexicalAnalysis
		SccProjectUniqueName1 = AeSys\\AeSys.vcxproj
		SccProjectUniqueName2 = Lex\\LexicalAnalysis\\TableGenerator.csproj
		SccTeamFoundationServer = http://htpc:8080/tfs/defaultcollection
	EndGlobalSection
	GlobalSection(TestCaseManagementSettings) = postSolution
		CategoryFile = Eo.vsmdi
	EndGlobalSection
	GlobalSection(SolutionConfigurationPlatforms) = preSolution
		Debug|Any CPU = Debug|Any CPU
		Debug|Mixed Platforms = Debug|Mixed Platforms
		Debug|Win32 = Debug|Win32
		Release|Any CPU = Release|Any CPU
		Release|Mixed Platforms = Release|Mixed Platforms
		Release|Win32 = Release|Win32
		oda-vc10dlldbg|Any CPU = oda-vc10dlldbg|Any CPU
		oda-vc10dlldbg|Mixed Platforms = oda-vc10dlldbg|Mixed Platforms
		oda-vc10dlldbg|Win32 = oda-vc10dlldbg|Win32
		oda-vc10dll|Any CPU = oda-vc10dll|Any CPU
		oda-vc10dll|Mixed Platforms = oda-vc10dll|Mixed Platforms
		oda-vc10dll|Win32 = oda-vc10dll|Win32
		oda-vc10mtdbg|Any CPU = oda-vc10mtdbg|Any CPU
		oda-vc10mtdbg|Mixed Platforms = oda-vc10mtdbg|Mixed Platforms
		oda-vc10mtdbg|Win32 = oda-vc10mtdbg|Win32
		oda-vc10mt|Any CPU = oda-vc10mt|Any CPU
		oda-vc10mt|Mixed Platforms = oda-vc10mt|Mixed Platforms
		oda-vc10mt|Win32 = oda-vc10mt|Win32
		vc11dlldbg|Any CPU = vc11dlldbg|Any CPU
		vc11dlldbg|Mixed Platforms = vc11dlldbg|Mixed Platforms
		vc11dlldbg|Win32 = vc11dlldbg|Win32
		vc11dll|Any CPU = vc11dll|Any CPU
		vc11dll|Mixed Platforms = vc11dll|Mixed Platforms
		vc11dll|Win32 = vc11dll|Win32
		vc11mtdbg|Any CPU = vc11mtdbg|Any CPU
		vc11mtdbg|Mixed Platforms = vc11mtdbg|Mixed Platforms
		vc11mtdbg|Win32 = vc11mtdbg|Win32
		vc11mt|Any CPU = vc11mt|Any CPU
		vc11mt|Mixed Platforms = vc11mt|Mixed Platforms
		vc11mt|Win32 = vc11mt|Win32
	EndGlobalSection
	GlobalSection(ProjectConfigurationPlatforms) = postSolution
		{1CA46EF6-31E9-401B-AE99-AC7B6A3092FC}.Debug|Any CPU.ActiveCfg = Debug|Any CPU
		{1CA46EF6-31E9-401B-AE99-AC7B6A3092FC}.Debug|Any CPU.Build.0 = Debug|Any CPU
		{1CA46EF6-31E9-401B-AE99-AC7B6A3092FC}.Debug|Mixed Platforms.ActiveCfg = Debug|Any CPU
		{1CA46EF6-31E9-401B-AE99-AC7B6A3092FC}.Debug|Mixed Platforms.Build.0 = Debug|Any CPU
		{1CA46EF6-31E9-401B-AE99-AC7B6A3092FC}.Debug|Win32.ActiveCfg = Debug|Any CPU
		{1CA46EF6-31E9-401B-AE99-AC7B6A3092FC}.Release|Any CPU.ActiveCfg = Release|Any CPU
		{1CA46EF6-31E9-401B-AE99-AC7B6A3092FC}.Release|Any CPU.Build.0 = Release|Any CPU
		{1CA46EF6-31E9-401B-AE99-AC7B6A3092FC}.Release|Mixed Platforms.ActiveCfg = Release|Any CPU
		{1CA46EF6-31E9-401B-AE99-AC7B6A3092FC}.Release|Mixed Platforms.Build.0 = Release|Any CPU
		{1CA46EF6-31E9-401B-AE99-AC7B6A3092FC}.Release|Win32.ActiveCfg = Release|Any CPU
		{1CA46EF6-31E9-401B-AE99-AC7B6A3092FC}.oda-vc10dlldbg|Any CPU.ActiveCfg = Release|Any CPU
		{1CA46EF6-31E9-401B-AE99-AC7B6A3092FC}.oda-vc10dlldbg|Any CPU.Build.0 = Release|Any CPU
		{1CA46EF6-31E9-401B-AE99-AC7B6A3092FC}.oda-vc10dlldbg|Mixed Platforms.ActiveCfg = Release|Any CPU
		{1CA46EF6-31E9-401B-AE99-AC7B6A3092FC}.oda-vc10dlldbg|Mixed Platforms.Build.0 = Release|Any CPU
		{1CA46EF6-31E9-401B-AE99-AC7B6A3092FC}.oda-vc10dlldbg|Win32.ActiveCfg = Release|Any CPU
		{1CA46EF6-31E9-401B-AE99-AC7B6A3092FC}.oda-vc10dll|Any CPU.ActiveCfg = Release|Any CPU
		{1CA46EF6-31E9-401B-AE99-AC7B6A3092FC}.oda-vc10dll|Any CPU.Build.0 = Release|Any CPU
		{1CA46EF6-31E9-401B-AE99-AC7B6A3092FC}.oda-vc10dll|Mixed Platforms.ActiveCfg = Release|Any CPU
		{1CA46EF6-31E9-401B-AE99-AC7B6A3092FC}.oda-vc10dll|Mixed Platforms.Build.0 = Release|Any CPU
		{1CA46EF6-31E9-401B-AE99-AC7B6A3092FC}.oda-vc10dll|Win32.ActiveCfg = Release|Any CPU
		{1CA46EF6-31E9-401B-AE99-AC7B6A3092FC}.oda-vc10mtdbg|Any CPU.ActiveCfg = Release|Any CPU
		{1CA46EF6-31E9-401B-AE99-AC7B6A3092FC}.oda-vc10mtdbg|Any CPU.Build.0 = Release|Any CPU
		{1CA46EF6-31E9-401B-AE99-AC7B6A3092FC}.oda-vc10mtdbg|Mixed Platforms.ActiveCfg = Release|Any CPU
		{1CA46EF6-31E9-401B-AE99-AC7B6A3092FC}.oda-vc10mtdbg|Mixed Platforms.Build.0 = Release|Any CPU
		{1CA46EF6-31E9-401B-AE99-AC7B6A3092FC}.oda-vc10mtdbg|Win32.ActiveCfg = Release|Any CPU
		{1CA46EF6-31E9-401B-AE99-AC7B6A3092FC}.oda-vc10mt|Any CPU.ActiveCfg = Release|Any CPU
		{1CA46EF6-31E9-401B-AE99-AC7B6A3092FC}.oda-vc10mt|Any CPU.Build.0 = Release|Any CPU
		{1CA46EF6-31E9-401B-AE99-AC7B6A3092FC}.oda-vc10mt|Mixed Platforms.ActiveCfg = Release|Any CPU
		{1CA46EF6-31E9-401B-AE99-AC7B6A3092FC}.oda-vc10mt|Mixed Platforms.Build.0 = Release|Any CPU
		{1CA46EF6-31E9-401B-AE99-AC7B6A3092FC}.oda-vc10mt|Win32.ActiveCfg = Release|Any CPU
		{1CA46EF6-31E9-401B-AE99-AC7B6A3092FC}.vc11dlldbg|Any CPU.ActiveCfg = Release|Any CPU
		{1CA46EF6-31E9-401B-AE99-AC7B6A3092FC}.vc11dlldbg|Any CPU.Build.0 = Release|Any CPU
		{1CA46EF6-31E9-401B-AE99-AC7B6A3092FC}.vc11dlldbg|Mixed Platforms.ActiveCfg = Release|Any CPU
		{1CA46EF6-31E9-401B-AE99-AC7B6A3092FC}.vc11dlldbg|Mixed Platforms.Build.0 = Release|Any CPU
		{1CA46EF6-31E9-401B-AE99-AC7B6A3092FC}.vc11dlldbg|Win32.ActiveCfg = Release|Any CPU
		{1CA46EF6-31E9-401B-AE99-AC7B6A3092FC}.vc11dll|Any CPU.ActiveCfg = Release|Any CPU
		{1CA46EF6-31E9-401B-AE99-AC7B6A3092FC}.vc11dll|Any CPU.Build.0 = Release|Any CPU
		{1CA46EF6-31E9-401B-AE99-AC7B6A3092FC}.vc11dll|Mixed Platforms.ActiveCfg = Release|Any CPU
		{1CA46EF6-31E9-401B-AE99-AC7B6A3092FC}.vc11dll|Mixed Platforms.Build.0 = Release|Any CPU
		{1CA46EF6-31E9-401B-AE99-AC7B6A3092FC}.vc11dll|Win32.ActiveCfg = Release|Any CPU
		{1CA46EF6-31E9-401B-AE99-AC7B6A3092FC}.vc11mtdbg|Any CPU.ActiveCfg = Release|Any CPU
		{1CA46EF6-31E9-401B-AE99-AC7B6A3092FC}.vc11mtdbg|Any CPU.Build.0 = Release|Any CPU
		{1CA46EF6-31E9-401B-AE99-AC7B6A3092FC}.vc11mtdbg|Mixed Platforms.ActiveCfg = Release|Any CPU
		{1CA46EF6-31E9-401B-AE99-AC7B6A3092FC}.vc11mtdbg|Mixed Platforms.Build.0 = Release|Any CPU
		{1CA46EF6-31E9-401B-AE99-AC7B6A3092FC}.vc11mtdbg|Win32.ActiveCfg = Release|Any CPU
		{1CA46EF6-31E9-401B-AE99-AC7B6A3092FC}.vc11mt|Any CPU.ActiveCfg = Release|Any CPU
		{1CA46EF6-31E9-401B-AE99-AC7B6A3092FC}.vc11mt|Any CPU.Build.0 = Release|Any CPU
		{1CA46EF6-31E9-401B-AE99-AC7B6A3092FC}.vc11mt|Mixed Platforms.ActiveCfg = Release|Any CPU
		{1CA46EF6-31E9-401B-AE99-AC7B6A3092FC}.vc11mt|Mixed Platforms.Build.0 = Release|Any CPU
		{1CA46EF6-31E9-401B-AE99-AC7B6A3092FC}.vc11mt|Win32.ActiveCfg = Release|Any CPU
		{99616C98-7844-41E8-BC1F-B16C4044EB44}.Debug|Any CPU.ActiveCfg = vc11mtdbg|Win32
		{99616C98-7844-41E8-BC1F-B16C4044EB44}.Debug|Mixed Platforms.ActiveCfg = vc11mtdbg|Win32
		{99616C98-7844-41E8-BC1F-B16C4044EB44}.Debug|Win32.ActiveCfg = vc11mtdbg|Win32
		{99616C98-7844-41E8-BC1F-B16C4044EB44}.Release|Any CPU.ActiveCfg = vc11mtdbg|Win32
		{99616C98-7844-41E8-BC1F-B16C4044EB44}.Release|Mixed Platforms.ActiveCfg = vc11mtdbg|Win32
		{99616C98-7844-41E8-BC1F-B16C4044EB44}.Release|Win32.ActiveCfg = vc11mtdbg|Win32
		{99616C98-7844-41E8-BC1F-B16C4044EB44}.oda-vc10dlldbg|Any CPU.ActiveCfg = oda-vc10dlldbg|Win32
		{99616C98-7844-41E8-BC1F-B16C4044EB44}.oda-vc10dlldbg|Mixed Platforms.ActiveCfg = oda-vc10dlldbg|Win32
		{99616C98-7844-41E8-BC1F-B16C4044EB44}.oda-vc10dlldbg|Mixed Platforms.Build.0 = oda-vc10dlldbg|Win32
		{99616C98-7844-41E8-BC1F-B16C4044EB44}.oda-vc10dlldbg|Win32.ActiveCfg = oda-vc10dlldbg|Win32
		{99616C98-7844-41E8-BC1F-B16C4044EB44}.oda-vc10dlldbg|Win32.Build.0 = oda-vc10dlldbg|Win32
		{99616C98-7844-41E8-BC1F-B16C4044EB44}.oda-vc10dll|Any CPU.ActiveCfg = oda-vc10dll|Win32
		{99616C98-7844-41E8-BC1F-B16C4044EB44}.oda-vc10dll|Mixed Platforms.ActiveCfg = oda-vc10dll|Win32
		{99616C98-7844-41E8-BC1F-B16C4044EB44}.oda-vc10dll|Mixed Platforms.Build.0 = oda-vc10dll|Win32
		{99616C98-7844-41E8-BC1F-B16C4044EB44}.oda-vc10dll|Win32.ActiveCfg = oda-vc10dll|Win32
		{99616C98-7844-41E8-BC1F-B16C4044EB44}.oda-vc10dll|Win32.Build.0 = oda-vc10dll|Win32
		{99616C98-7844-41E8-BC1F-B16C4044EB44}.oda-vc10mtdbg|Any CPU.ActiveCfg = oda-vc10mtdbg|Win32
		{99616C98-7844-41E8-BC1F-B16C4044EB44}.oda-vc10mtdbg|Mixed Platforms.ActiveCfg = oda-vc10mtdbg|Win32
		{99616C98-7844-41E8-BC1F-B16C4044EB44}.oda-vc10mtdbg|Mixed Platforms.Build.0 = oda-vc10mtdbg|Win32
		{99616C98-7844-41E8-BC1F-B16C4044EB44}.oda-vc10mtdbg|Win32.ActiveCfg = oda-vc10mtdbg|Win32
		{99616C98-7844-41E8-BC1F-B16C4044EB44}.oda-vc10mtdbg|Win32.Build.0 = oda-vc10mtdbg|Win32
		{99616C98-7844-41E8-BC1F-B16C4044EB44}.oda-vc10mt|Any CPU.ActiveCfg = oda-vc10mt|Win32
		{99616C98-7844-41E8-BC1F-B16C4044EB44}.oda-vc10mt|Mixed Platforms.ActiveCfg = oda-vc10mt|Win32
		{99616C98-7844-41E8-BC1F-B16C4044EB44}.oda-vc10mt|Mixed Platforms.Build.0 = oda-vc10mt|Win32
		{99616C98-7844-41E8-BC1F-B16C4044EB44}.oda-vc10mt|Win32.ActiveCfg = oda-vc10mt|Win32
		{99616C98-7844-41E8-BC1F-B16C4044EB44}.oda-vc10mt|Win32.Build.0 = oda-vc10mt|Win32
		{99616C98-7844-41E8-BC1F-B16C4044EB44}.vc11dlldbg|Any CPU.ActiveCfg = vc11dlldbg|Win32
		{99616C98-7844-41E8-BC1F-B16C4044EB44}.vc11dlldbg|Mixed Platforms.ActiveCfg = vc11dlldbg|Win32
		{99616C98-7844-41E8-BC1F-B16C4044EB44}.vc11dlldbg|Mixed Platforms.Build.0 = vc11dlldbg|Win32
		{99616C98-7844-41E8-BC1F-B16C4044EB44}.vc11dlldbg|Win32.ActiveCfg = vc11dlldbg|Win32
		{99616C98-7844-41E8-BC1F-B16C4044EB44}.vc11dlldbg|Win32.Build.0 = vc11dlldbg|Win32
		{99616C98-7844-41E8-BC1F-B16C4044EB44}.vc11dll|Any CPU.ActiveCfg = vc11dll|Win32
		{99616C98-7844-41E8-BC1F-B16C4044EB44}.vc11dll|Mixed Platforms.ActiveCfg = vc11dll|Win32
		{99616C98-7844-41E8-BC1F-B16C4044EB44}.vc11dll|Mixed Platforms.Build.0 = vc11dll|Win32
		{99616C98-7844-41E8-BC1F-B16C4044EB44}.vc11dll|Win32.ActiveCfg = vc11dll|Win32
		{99616C98-7844-41E8-BC1F-B16C4044EB44}.vc11dll|Win32.Build.0 = vc11dll|Win32
		{99616C98-7844-41E8-BC1F-B16C4044EB44}.vc11mtdbg|Any CPU.ActiveCfg = vc11mtdbg|Win32
		{99616C98-7844-41E8-BC1F-B16C4044EB44}.vc11mtdbg|Mixed Platforms.ActiveCfg = vc11mtdbg|Win32
		{99616C98-7844-41E8-BC1F-B16C4044EB44}.vc11mtdbg|Mixed Platforms.Build.0 = vc11mtdbg|Win32
		{99616C98-7844-41E8-BC1F-B16C4044EB44}.vc11mtdbg|Win32.ActiveCfg = vc11mtdbg|Win32
		{99616C98-7844-41E8-BC1F-B16C4044EB44}.vc11mtdbg|Win32.Build.0 = vc11mtdbg|Win32
		{99616C98-7844-41E8-BC1F-B16C4044EB44}.vc11mt|Any CPU.ActiveCfg = vc11mt|Win32
		{99616C98-7844-41E8-BC1F-B16C4044EB44}.vc11mt|Mixed Platforms.ActiveCfg = vc11mt|Win32
		{99616C98-7844-41E8-BC1F-B16C4044EB44}.vc11mt|Mixed Platforms.Build.0 = vc11mt|Win32
		{99616C98-7844-41E8-BC1F-B16C4044EB44}.vc11mt|Win32.ActiveCfg = vc11mt|Win32
		{99616C98-7844-41E8-BC1F-B16C4044EB44}.vc11mt|Win32.Build.0 = vc11mt|Win32
	EndGlobalSection
	GlobalSection(SolutionProperties) = preSolution
		HideSolutionNode = FALSE
	EndGlobalSection
EndGlobal
