<?xml version="1.0" encoding="utf-8"?>
<Project ToolsVersion="4.0" xmlns="http://schemas.microsoft.com/developer/msbuild/2003">
  <ItemGroup>
    <ClCompile Include="Stdafx.cpp" />
    <ClCompile Include="lex.yy.cpp" />
    <ClCompile Include="MainFrm.cpp" />
    <ClCompile Include="AeSysDoc.cpp" />
    <ClCompile Include="AeSysView.cpp" />
    <ClCompile Include="AeSysViewAnnotateMode.cpp" />
    <ClCompile Include="AeSysViewCamera.cpp" />
    <ClCompile Include="AeSysViewCommands.cpp" />
    <ClCompile Include="AeSysViewConstraints.cpp" />
    <ClCompile Include="AeSysViewCutMode.cpp" />
    <ClCompile Include="AeSysViewDimensionMode.cpp" />
    <ClCompile Include="AeSysViewDraw2Mode.cpp" />
    <ClCompile Include="AeSysViewDrawMode.cpp" />
    <ClCompile Include="AeSysViewEditMode.cpp" />
    <ClCompile Include="AeSysViewFixupMode.cpp" />
    <ClCompile Include="AeSysViewGroupSubModeEdit.cpp" />
    <ClCompile Include="AeSysViewInput.cpp" />
    <ClCompile Include="AeSysViewLPDMode.cpp" />
    <ClCompile Include="AeSysViewModelView.cpp" />
    <ClCompile Include="AeSysViewNodalMode.cpp" />
    <ClCompile Include="AeSysViewPipeMode.cpp" />
    <ClCompile Include="AeSysViewPowerMode.cpp" />
    <ClCompile Include="AeSysViewPrimitiveSubModeEdit.cpp" />
    <ClCompile Include="AeSysViewPrimitiveSubModeMend.cpp" />
    <ClCompile Include="AeSysViewRender.cpp" />
    <ClCompile Include="AeSysViewSelection.cpp" />
    <ClCompile Include="AeSysViewTrapMode.cpp" />
    <ClCompile Include="ChildFrm.cpp" />
    <ClCompile Include="DdeAeSysRegistration.cpp" />
    <ClCompile Include="DdeCmds.cpp" />
    <ClCompile Include="DdeGItms.cpp" />
    <ClCompile Include="DrawModeState.cpp" />
    <ClCompile Include="Eo.cpp" />
    <ClCompile Include="EoApOptions.cpp" />
    <ClCompile Include="EoCtrlColorsButton.cpp" />
    <ClCompile Include="EoDbAttrib.cpp" />
    <ClCompile Include="EoDbBitmapFile.cpp" />
    <ClCompile Include="EoDbBlock.cpp" />
    <ClCompile Include="EoDbBlockFile.cpp" />
    <ClCompile Include="EoDBBlockReference.cpp" />
    <ClCompile Include="EoDbConic.cpp" />
    <ClCompile Include="EoDbDxfInterfaceDimension.cpp" />
    <ClCompile Include="EoDbDxfInterfaceGeometry.cpp" />
    <ClCompile Include="EoDbDxfInterfaceHatch.cpp" />
    <ClCompile Include="EoDbDxfInterfaceProxy.cpp" />
    <ClCompile Include="EoDbDxfInterfaceTables.cpp" />
    <ClCompile Include="EoDbDxfInterfaceText.cpp" />
    <ClCompile Include="EoDbEllipse.cpp" />
    <ClCompile Include="EoDbFontDefinition.cpp" />
    <ClCompile Include="EoDbGroup.cpp" />
    <ClCompile Include="EoDbGroupList.cpp" />
    <ClCompile Include="EoDbJobFile.cpp" />
    <ClCompile Include="EoDbLabeledLine.cpp" />
    <ClCompile Include="EoDbLayer.cpp" />
    <ClCompile Include="EoDbLine.cpp" />
    <ClCompile Include="EoDbLineType.cpp" />
    <ClCompile Include="EoDbLineTypeTable.cpp" />
    <ClCompile Include="EoDbPegBlockTable.cpp" />
    <ClCompile Include="EoDbPegFile.cpp" />
    <ClCompile Include="EoDbPoint.cpp" />
    <ClCompile Include="EoDbPolygon.cpp" />
    <ClCompile Include="EoDbPolyline.cpp" />
    <ClCompile Include="EoDbPrimitive.cpp" />
    <ClCompile Include="EoDbSpline.cpp" />
    <ClCompile Include="EoDbText.cpp" />
    <ClCompile Include="EoDbTracingFile.cpp" />
    <ClCompile Include="EoDbTrappedGroups.cpp" />
    <ClCompile Include="EoDbViewport.cpp" />
    <ClCompile Include="EoDbVPortTableEntry.cpp" />
    <ClCompile Include="EoDlgActiveViewKeyplan.cpp" />
    <ClCompile Include="EoDlgAnnotateOptions.cpp" />
    <ClCompile Include="EoDlgAttributePrompt.cpp" />
    <ClCompile Include="EoDlgBlockInsert.cpp" />
    <ClCompile Include="EoDlgDrawOptions.cpp" />
    <ClCompile Include="EoDlgEditOptions.cpp" />
    <ClCompile Include="EoDlgEditTrapCommandsQuery.cpp" />
    <ClCompile Include="EoDlgFileManage.cpp" />
    <ClCompile Include="EoDlgFixupOptions.cpp" />
    <ClCompile Include="EoDlgLineTypesSelection.cpp" />
    <ClCompile Include="EoDlgLowPressureDuctOptions.cpp" />
    <ClCompile Include="EoDlgModeLetter.cpp" />
    <ClCompile Include="EoDlgModeRevise.cpp" />
    <ClCompile Include="EoDlgPipeOptions.cpp" />
    <ClCompile Include="EoDlgPipeSymbol.cpp" />
    <ClCompile Include="EoDlgSelectGotoHomePoint.cpp" />
    <ClCompile Include="EoDlgSelectIsometricView.cpp" />
    <ClCompile Include="EoDlgSetAngle.cpp" />
    <ClCompile Include="EoDlgSetLength.cpp" />
    <ClCompile Include="EoDlgSetPastePosition.cpp" />
    <ClCompile Include="EoDlgSetScale.cpp" />
    <ClCompile Include="EoDlgSetText.cpp" />
    <ClCompile Include="EoDlgSetUnitsAndPrecision.cpp" />
    <ClCompile Include="EoDlgSetupColor.cpp" />
    <ClCompile Include="EoDlgSetupConstraints.cpp" />
    <ClCompile Include="EoDlgSetupCustomMouseCharacters.cpp" />
    <ClCompile Include="EoDlgSetupHatch.cpp" />
    <ClCompile Include="EoDlgSetupHomePoint.cpp" />
    <ClCompile Include="EoDlgSetupLineType.cpp" />
    <ClCompile Include="EoDlgSetupNote.cpp" />
    <ClCompile Include="EoDlgSetupPointStyle.cpp" />
    <ClCompile Include="EoDlgTrapFilter.cpp" />
    <ClCompile Include="EoDlgTrapModify.cpp" />
    <ClCompile Include="EoDlgViewParameters.cpp" />
    <ClCompile Include="EoDlgViewZoom.cpp" />
    <ClCompile Include="EoGeLine.cpp" />
    <ClCompile Include="EoGeMatrix.cpp" />
    <ClCompile Include="EoGeOcs.cpp" />
    <ClCompile Include="EoGeOcsTransform.cpp" />
    <ClCompile Include="EoGePoint3d.cpp" />
    <ClCompile Include="EoGePoint4d.cpp" />
    <ClCompile Include="EoGePolyline.cpp" />
    <ClCompile Include="EoGeReferenceSystem.cpp" />
    <ClCompile Include="EoGeTransformMatrix.cpp" />
    <ClCompile Include="EoGeVector3d.cpp" />
    <ClCompile Include="EoGsAbstractView.cpp" />
    <ClCompile Include="EoGsModelTransform.cpp" />
    <ClCompile Include="EoGsRenderDeviceDirect2D.cpp" />
    <ClCompile Include="EoGsRenderDeviceGdi.cpp" />
    <ClCompile Include="EoGsRenderState.cpp" />
    <ClCompile Include="EoGsVertexBuffer.cpp" />
    <ClCompile Include="EoGsViewport.cpp" />
    <ClCompile Include="EoGsViewTransform.cpp" />
    <ClCompile Include="EoMfOutputDockablePane.cpp" />
    <ClCompile Include="EoMfPropertiesDockablePane.cpp" />
    <ClCompile Include="EoOdaConverter.cpp" />
    <ClCompile Include="IdleState.cpp" />
    <ClCompile Include="Lex.cpp" />
    <ClCompile Include="ModeLine.cpp" />
    <ClCompile Include="OFNHookProcFileTracing.cpp" />
    <ClCompile Include="Section.cpp" />
    <ClCompile Include="WndProcKeyPlan.cpp" />
    <ClCompile Include="WndProcPreview.cpp" />
    <ClCompile Include="AeSysDocCommands.cpp" />
    <ClCompile Include="AeSysDocDisplay.cpp" />
    <ClCompile Include="AeSysDocFileIO.cpp" />
    <ClCompile Include="AeSysDocLayers.cpp" />
    <ClCompile Include="AeSysDocNodal.cpp" />
    <ClCompile Include="AeSys.cpp" />
    <ClCompile Include="EoDbFace.cpp" />
    <ClCompile Include="EoMfVisualManager.cpp" />
    <ClCompile Include="EoCtrlColorComboBox.cpp" />
    <ClCompile Include="EoMfStatusBar.cpp" />
    <ClCompile Include="EoCtrlLineTypeComboBox.cpp" />
    <ClCompile Include="EoCtrlLineWeightComboBox.cpp" />
  </ItemGroup>
  <ItemGroup>
    <ClInclude Include="AeSys.h" />
    <ClInclude Include="AeSysDoc.h" />
    <ClInclude Include="AeSysState.h" />
    <ClInclude Include="AeSysView.h" />
    <ClInclude Include="ChildFrm.h" />
    <ClInclude Include="DdeCmds.h" />
    <ClInclude Include="DdeGItms.h" />
    <ClInclude Include="DrawModeState.h" />
    <ClInclude Include="Eo.h" />
    <ClInclude Include="EoApOptions.h" />
    <ClInclude Include="EoCtrlColorsButton.h" />
    <ClInclude Include="EoDb.h" />
    <ClInclude Include="EoDbAppIdEntry.h" />
    <ClInclude Include="EoDbAttrib.h" />
    <ClInclude Include="EoDbBitmapFile.h" />
    <ClInclude Include="EoDbBlock.h" />
    <ClInclude Include="EoDbBlockFile.h" />
    <ClInclude Include="EoDbBlockReference.h" />
    <ClInclude Include="EoDbCharacterCellDefinition.h" />
    <ClInclude Include="EoDbClassEntry.h" />
    <ClInclude Include="EoDbConic.h" />
    <ClInclude Include="EoDbDimStyle.h" />
    <ClInclude Include="EoDbDxfInterface.h" />
    <ClInclude Include="EoDbEllipse.h" />
    <ClInclude Include="EoDbFontDefinition.h" />
    <ClInclude Include="EoDbGroup.h" />
    <ClInclude Include="EoDbGroupList.h" />
    <ClInclude Include="EoDbHandleManager.h" />
    <ClInclude Include="EoDbHeaderSection.h" />
    <ClInclude Include="EoDbJobFile.h" />
    <ClInclude Include="EoDbLayer.h" />
    <ClInclude Include="EoDbLine.h" />
    <ClInclude Include="EoDbLineType.h" />
    <ClInclude Include="EoDbLineTypeTable.h" />
    <ClInclude Include="EoDbMaskedPrimitive.h" />
    <ClInclude Include="EoDbPegFile.h" />
    <ClInclude Include="EoDbPoint.h" />
    <ClInclude Include="EoDbPolygon.h" />
    <ClInclude Include="EoDbPolyline.h" />
    <ClInclude Include="EoDbPrimitive.h" />
    <ClInclude Include="EoDbSpline.h" />
    <ClInclude Include="EoDbText.h" />
    <ClInclude Include="EoDbTextStyle.h" />
    <ClInclude Include="EoDbTracingFile.h" />
    <ClInclude Include="EoDbViewport.h" />
    <ClInclude Include="EoDbVPortTableEntry.h" />
    <ClInclude Include="EoDlgActiveViewKeyplan.h" />
    <ClInclude Include="EoDlgAnnotateOptions.h" />
    <ClInclude Include="EoDlgAttributePrompt.h" />
    <ClInclude Include="EoDlgBlockInsert.h" />
    <ClInclude Include="EoDlgDrawOptions.h" />
    <ClInclude Include="EoDlgEditOptions.h" />
    <ClInclude Include="EoDlgEditTrapCommandsQuery.h" />
    <ClInclude Include="EoDlgFileManage.h" />
    <ClInclude Include="EoDlgFixupOptions.h" />
    <ClInclude Include="EoDlgLineTypesSelection.h" />
    <ClInclude Include="EoDlgLowPressureDuctOptions.h" />
    <ClInclude Include="EoDlgModeLetter.h" />
    <ClInclude Include="EoDlgModeRevise.h" />
    <ClInclude Include="EoDlgPipeOptions.h" />
    <ClInclude Include="EoDlgPipeSymbol.h" />
    <ClInclude Include="EoDlgSelectGotoHomePoint.h" />
    <ClInclude Include="EoDlgSelectIsometricView.h" />
    <ClInclude Include="EoDlgSetAngle.h" />
    <ClInclude Include="EoDlgSetHomePoint.h" />
    <ClInclude Include="EoDlgSetLength.h" />
    <ClInclude Include="EoDlgSetPastePosition.h" />
    <ClInclude Include="EoDlgSetScale.h" />
    <ClInclude Include="EoDlgSetText.h" />
    <ClInclude Include="EoDlgSetUnitsAndPrecision.h" />
    <ClInclude Include="EoDlgSetupColor.h" />
    <ClInclude Include="EoDlgSetupConstraints.h" />
    <ClInclude Include="EoDlgSetupCustomMouseCharacters.h" />
    <ClInclude Include="EoDlgSetupHatch.h" />
    <ClInclude Include="EoDlgSetupLineType.h" />
    <ClInclude Include="EoDlgSetupNote.h" />
    <ClInclude Include="EoDlgSetupPointStyle.h" />
    <ClInclude Include="EoDlgTrapFilter.h" />
    <ClInclude Include="EoDlgTrapModify.h" />
    <ClInclude Include="EoDlgViewParameters.h" />
    <ClInclude Include="EoDlgViewZoom.h" />
    <ClInclude Include="EoGeLine.h" />
    <ClInclude Include="EoGeMatrix.h" />
    <ClInclude Include="EoGeOcs.h" />
    <ClInclude Include="EoGeOcsTransform.h" />
    <ClInclude Include="EoGePoint3d.h" />
    <ClInclude Include="EoGePoint4d.h" />
    <ClInclude Include="EoGePolyline.h" />
    <ClInclude Include="EoGeReferenceSystem.h" />
    <ClInclude Include="EoGeTransformMatrix.h" />
    <ClInclude Include="EoGeUniquePoint.h" />
    <ClInclude Include="EoGeVector3d.h" />
    <ClInclude Include="EoGsAbstractView.h" />
    <ClInclude Include="EoGsModelTransform.h" />
    <ClInclude Include="EoGsRenderDevice.h" />
    <ClInclude Include="EoGsRenderDeviceDirect2D.h" />
    <ClInclude Include="EoGsRenderDeviceGdi.h" />
    <ClInclude Include="EoGsRenderState.h" />
    <ClInclude Include="EoGsVertexBuffer.h" />
    <ClInclude Include="EoGsViewport.h" />
    <ClInclude Include="EoGsViewTransform.h" />
    <ClInclude Include="EoMfOutputDockablePane.h" />
    <ClInclude Include="EoMfPropertiesDockablePane.h" />
    <ClInclude Include="EoOdaConverter.h" />
    <ClInclude Include="Hatch.h" />
    <ClInclude Include="Header.h" />
    <ClInclude Include="IdleState.h" />
    <ClInclude Include="Lex.h" />
    <ClInclude Include="lex.yy.h" />
    <ClInclude Include="LexTable.h" />
    <ClInclude Include="MainFrm.h" />
    <ClInclude Include="Resource.h" />
    <ClInclude Include="Section.h" />
    <ClInclude Include="Stdafx.h" />
    <ClInclude Include="WndProcPreview.h" />
    <ClInclude Include="EoDbLabeledLine.h" />
    <ClInclude Include="EoDbFace.h" />
    <ClInclude Include="EoMfVisualManager.h" />
    <ClInclude Include="EoCtrlColorComboBox.h" />
    <ClInclude Include="EoCtrlLineTypeComboBox.h" />
    <ClInclude Include="EoMfStatusBar.h" />
    <ClInclude Include="EoCtrlLineWeightComboBox.h" />
  </ItemGroup>
  <ItemGroup>
    <CustomBuild Include="lex_rules.l" />
  </ItemGroup>
  <ItemGroup>
    <ResourceCompile Include="AeSys.rc" />
  </ItemGroup>
  <ItemGroup>
    <None Include="Markdowns\Analysis of lex.cpp and Modernization Suggestions.md" />
    <None Include="Markdowns\Dde Description and Few Uses.md" />
    <None Include="Markdowns\dxf header.md" />
    <None Include="Markdowns\Job File Format.md" />
    <None Include="Markdowns\Peg &amp; Tra File Formats.md" />
    <None Include="res\*.bmp" />
    <None Include="res\*.bmp" />
    <None Include="res\*.bmp" />
    <None Include="res\*.bmp" />
    <None Include="res\*.bmp" />
    <None Include="res\*.bmp" />
    <None Include="res\*.bmp" />
    <None Include="res\*.bmp" />
    <None Include="res\*.bmp" />
    <None Include="res\*.bmp" />
    <None Include="res\*.bmp" />
    <None Include="res\*.bmp" />
    <None Include="res\*.cur" />
    <None Include="res\*.cur" />
    <None Include="res\*.cur" />
    <None Include="res\*.cur" />
    <None Include="res\*.cur" />
    <None Include="res\*.cur" />
    <None Include="res\*.cur" />
    <None Include="res\*.cur" />
    <None Include="res\*.cur" />
    <None Include="res\*.cur" />
    <None Include="res\*.cur" />
    <None Include="res\*.cur" />
    <None Include="res\*.cur" />
    <None Include="res\*.cur" />
    <None Include="res\*.cur" />
    <None Include="res\*.ico" />
    <None Include="res\*.ico" />
    <None Include="res\*.ico" />
    <None Include="res\*.ico" />
    <None Include="res\*.ico" />
    <None Include="res\*.ico" />
    <None Include="res\*.ico" />
    <None Include="res\*.ico" />
    <None Include="res\Hatches\acad.pat" />
    <None Include="res\Simplex.psf" />
    <None Include="res\AeSys.rc2" />
    <None Include="vshints.hm" />
    <None Include="res\*.bmp" />
    <None Include="res\*.bmp" />
    <None Include="res\*.bmp" />
    <None Include="res\*.bmp" />
    <None Include="res\*.bmp" />
    <None Include="res\*.bmp" />
    <None Include="res\*.bmp" />
    <None Include="res\*.bmp" />
    <None Include="res\*.bmp" />
    <None Include="res\*.bmp" />
    <None Include="res\*.bmp" />
    <None Include="res\*.cur" />
    <None Include="res\*.cur" />
    <None Include="res\*.cur" />
    <None Include="res\*.cur" />
    <None Include="res\*.cur" />
    <None Include="res\*.cur" />
    <None Include="res\*.cur" />
    <None Include="res\*.cur" />
    <None Include="res\*.cur" />
    <None Include="res\*.cur" />
    <None Include="res\*.cur" />
    <None Include="res\*.cur" />
    <None Include="res\*.cur" />
    <None Include="res\*.cur" />
    <None Include="res\*.ico" />
    <None Include="res\*.ico" />
    <None Include="res\*.ico" />
    <None Include="res\*.ico" />
    <None Include="res\*.ico" />
    <None Include="res\*.ico" />
    <None Include="res\*.ico" />
    <None Include="res\*.bmp" />
    <None Include="res\*.bmp" />
    <None Include="res\*.bmp" />
    <None Include="res\*.bmp" />
    <None Include="res\*.bmp" />
    <None Include="res\*.bmp" />
    <None Include="res\*.bmp" />
    <None Include="res\*.bmp" />
    <None Include="res\*.bmp" />
    <None Include="res\*.bmp" />
    <None Include="res\*.bmp" />
    <None Include="res\*.cur" />
    <None Include="res\*.cur" />
    <None Include="res\*.cur" />
    <None Include="res\*.cur" />
    <None Include="res\*.cur" />
    <None Include="res\*.cur" />
    <None Include="res\*.cur" />
    <None Include="res\*.cur" />
    <None Include="res\*.cur" />
    <None Include="res\*.cur" />
    <None Include="res\*.cur" />
    <None Include="res\*.cur" />
    <None Include="res\*.cur" />
    <None Include="res\*.cur" />
    <None Include="res\*.ico" />
    <None Include="res\*.ico" />
    <None Include="res\*.ico" />
    <None Include="res\*.ico" />
    <None Include="res\*.ico" />
    <None Include="res\*.ico" />
    <None Include="res\*.ico" />
    <None Include="res\*.bmp" />
    <None Include="res\*.bmp" />
    <None Include="res\*.bmp" />
    <None Include="res\*.bmp" />
    <None Include="res\*.bmp" />
    <None Include="res\*.bmp" />
    <None Include="res\*.bmp" />
    <None Include="res\*.bmp" />
    <None Include="res\*.bmp" />
    <None Include="res\*.bmp" />
    <None Include="res\*.bmp" />
    <None Include="res\*.cur" />
    <None Include="res\*.cur" />
    <None Include="res\*.cur" />
    <None Include="res\*.cur" />
    <None Include="res\*.cur" />
    <None Include="res\*.cur" />
    <None Include="res\*.cur" />
    <None Include="res\*.cur" />
    <None Include="res\*.cur" />
    <None Include="res\*.cur" />
    <None Include="res\*.cur" />
    <None Include="res\*.cur" />
    <None Include="res\*.cur" />
    <None Include="res\*.cur" />
    <None Include="res\*.ico" />
    <None Include="res\*.ico" />
    <None Include="res\*.ico" />
    <None Include="res\*.ico" />
    <None Include="res\*.ico" />
    <None Include="res\*.ico" />
    <None Include="res\*.ico" />
    <None Include="res\*.bmp" />
    <None Include="res\*.bmp" />
    <None Include="res\*.bmp" />
    <None Include="res\*.bmp" />
    <None Include="res\*.bmp" />
    <None Include="res\*.bmp" />
    <None Include="res\*.bmp" />
    <None Include="res\*.bmp" />
    <None Include="res\*.bmp" />
    <None Include="res\*.bmp" />
    <None Include="res\*.bmp" />
    <None Include="res\*.cur" />
    <None Include="res\*.cur" />
    <None Include="res\*.cur" />
    <None Include="res\*.cur" />
    <None Include="res\*.cur" />
    <None Include="res\*.cur" />
    <None Include="res\*.cur" />
    <None Include="res\*.cur" />
    <None Include="res\*.cur" />
    <None Include="res\*.cur" />
    <None Include="res\*.cur" />
    <None Include="res\*.cur" />
    <None Include="res\*.cur" />
    <None Include="res\*.cur" />
    <None Include="res\*.ico" />
    <None Include="res\*.ico" />
    <None Include="res\*.ico" />
    <None Include="res\*.ico" />
    <None Include="res\*.ico" />
    <None Include="res\*.ico" />
    <None Include="res\*.ico" />
    <None Include="res\Cursors\AnnotateMode.cur" />
    <None Include="res\Icons\AeSys_Gold.ico" />
  </ItemGroup>
  <ItemGroup>
    <Text Include="res\Hatches\DefaultSet.txt" />
    <Text Include="res\LineTypes\*.txt" />
    <Text Include="res\LineTypes\*.txt" />
    <Text Include="res\LineTypes\*.txt" />
    <Text Include="res\LineTypes\*.txt" />
    <Text Include="res\LineTypes\*.txt" />
    <Text Include="res\LineTypes\*.txt" />
    <Text Include="res\LineTypes\*.txt" />
    <Text Include="res\LineTypes\*.txt" />
    <Text Include="res\LineTypes\*.txt" />
    <Text Include="res\LineTypes\*.txt" />
    <Text Include="res\LineTypes\*.txt" />
    <Text Include="res\LineTypes\*.txt" />
    <Text Include="res\LineTypes\*.txt" />
    <Text Include="res\LineTypes\*.txt" />
    <Text Include="res\LineTypes\*.txt" />
    <Text Include="res\LineTypes\*.txt" />
    <Text Include="res\LineTypes\*.txt" />
    <Text Include="res\LineTypes\*.txt" />
    <Text Include="res\LineTypes\*.txt" />
    <Text Include="res\LineTypes\*.txt" />
    <Text Include="res\LineTypes\*.txt" />
    <Text Include="res\LineTypes\*.txt" />
    <Text Include="res\LineTypes\*.txt" />
    <Text Include="res\LineTypes\*.txt" />
    <Text Include="res\LineTypes\*.txt" />
  </ItemGroup>
  <ItemGroup>
    <Image Include="res\Toolbar Bitmaps\LayerStates.bmp" />
    <Image Include="res\Toolbar Bitmaps\LayerStates_hc.bmp" />
    <Image Include="res\Toolbar Bitmaps\layer_filters.bmp" />
    <Image Include="res\Toolbar Bitmaps\menuimages.bmp" />
    <Image Include="res\Toolbar Bitmaps\menuimages_hc.bmp" />
    <Image Include="res\Toolbar Bitmaps\properties.bmp" />
    <Image Include="res\Toolbar Bitmaps\properties_hc.bmp" />
    <Image Include="res\Toolbar Bitmaps\Toolbar-light.bmp" />
    <Image Include="res\Toolbar Bitmaps\Toolbar.bmp" />
    <Image Include="res\Toolbar Bitmaps\Toolbar256.bmp" />
    <Image Include="res\Toolbar Bitmaps\UserImages.bmp" />
  </ItemGroup>
</Project>