<?xml version="1.0" encoding="utf-8"?>
<Project ToolsVersion="4.0" xmlns="http://schemas.microsoft.com/developer/msbuild/2003">
  <ItemGroup>
    <Filter Include="Source Files">
      <UniqueIdentifier>{d4d91292-5703-4e61-847e-91e71ed6b5dc}</UniqueIdentifier>
      <Extensions>cpp;c;cc;cxx;def;odl;idl;hpj;bat;asm;asmx</Extensions>
    </Filter>
    <Filter Include="Header Files">
      <UniqueIdentifier>{00d625b8-d40b-4eed-b5ea-89c2a7fb615b}</UniqueIdentifier>
      <Extensions>h;hpp;hxx;hm;inl;inc</Extensions>
    </Filter>
    <Filter Include="Resource Files">
      <UniqueIdentifier>{f1669c80-2573-4bd5-b7d4-a155583442ff}</UniqueIdentifier>
      <Extensions>rc;ico;cur;bmp;dlg;rc2;rct;bin;rgs;jpg;jpeg;jpe;manifest;psf</Extensions>
    </Filter>
    <Filter Include="HTML Help Files">
      <UniqueIdentifier>{447c8d94-76e6-425e-bf22-db92c1f6a836}</UniqueIdentifier>
      <Extensions>hhp;hhc;hhk;gif;jpg</Extensions>
    </Filter>
    <Filter Include="HTML Help Topics">
      <UniqueIdentifier>{8f1d16e7-afee-45fa-9cd3-c29399752595}</UniqueIdentifier>
      <Extensions>htm;html;css</Extensions>
    </Filter>
    <Filter Include="Resource Files\Bitmaps">
      <UniqueIdentifier>{a7fc97e4-3d63-40a7-a5eb-98a3d7f860c9}</UniqueIdentifier>
    </Filter>
    <Filter Include="Resource Files\Cursors">
      <UniqueIdentifier>{d9705926-06d6-4c27-b97b-6c2e619a1df3}</UniqueIdentifier>
    </Filter>
    <Filter Include="Resource Files\Icons">
      <UniqueIdentifier>{8698164e-803b-4361-8555-35e7aada675d}</UniqueIdentifier>
    </Filter>
    <Filter Include="Source Files\DDE">
      <UniqueIdentifier>{36c8762d-2c80-41b5-8637-32decdacb3f6}</UniqueIdentifier>
    </Filter>
    <Filter Include="Source Files\Dialogs">
      <UniqueIdentifier>{7f039b16-041f-40b0-aeb1-ddd8f0b8494b}</UniqueIdentifier>
    </Filter>
    <Filter Include="Source Files\Callbacks">
      <UniqueIdentifier>{320f7349-276d-4376-826b-9cd8895887d9}</UniqueIdentifier>
    </Filter>
    <Filter Include="Header Files\Dialogs">
      <UniqueIdentifier>{d821e470-51d2-421b-9b7f-c2ee661cb37d}</UniqueIdentifier>
    </Filter>
    <Filter Include="Header Files\DDE">
      <UniqueIdentifier>{d920cbc4-d86a-47e0-b3f1-825b7af3c2a2}</UniqueIdentifier>
    </Filter>
    <Filter Include="Markdowns">
      <UniqueIdentifier>{e1740f9f-fe31-4a83-ad2f-669deaf7b712}</UniqueIdentifier>
    </Filter>
    <Filter Include="Source Files\AeSysView">
      <UniqueIdentifier>{3cbedda0-8fe6-48d0-97e3-c422057fff08}</UniqueIdentifier>
    </Filter>
  </ItemGroup>
  <ItemGroup>
    <ClCompile Include="Stdafx.cpp">
      <Filter>Source Files</Filter>
    </ClCompile>
    <ClCompile Include="MainFrm.cpp">
      <Filter>Source Files</Filter>
    </ClCompile>
    <ClCompile Include="lex.yy.cpp">
      <Filter>Source Files</Filter>
    </ClCompile>
    <ClCompile Include="*.cpp">
      <Filter>Source Files</Filter>
    </ClCompile>
    <ClCompile Include="*.cpp">
      <Filter>Source Files</Filter>
    </ClCompile>
    <ClCompile Include="*.cpp">
      <Filter>Source Files</Filter>
    </ClCompile>
    <ClCompile Include="*.cpp">
      <Filter>Source Files</Filter>
    </ClCompile>
    <ClCompile Include="*.cpp">
      <Filter>Source Files</Filter>
    </ClCompile>
    <ClCompile Include="*.cpp">
      <Filter>Source Files</Filter>
    </ClCompile>
    <ClCompile Include="*.cpp">
      <Filter>Source Files</Filter>
    </ClCompile>
    <ClCompile Include="*.cpp">
      <Filter>Source Files</Filter>
    </ClCompile>
    <ClCompile Include="*.cpp">
      <Filter>Source Files</Filter>
    </ClCompile>
    <ClCompile Include="*.cpp">
      <Filter>Source Files</Filter>
    </ClCompile>
    <ClCompile Include="*.cpp">
      <Filter>Source Files</Filter>
    </ClCompile>
    <ClCompile Include="*.cpp">
      <Filter>Source Files</Filter>
    </ClCompile>
    <ClCompile Include="*.cpp">
      <Filter>Source Files</Filter>
    </ClCompile>
    <ClCompile Include="*.cpp">
      <Filter>Source Files</Filter>
    </ClCompile>
    <ClCompile Include="*.cpp">
      <Filter>Source Files</Filter>
    </ClCompile>
    <ClCompile Include="*.cpp">
      <Filter>Source Files</Filter>
    </ClCompile>
    <ClCompile Include="*.cpp">
      <Filter>Source Files</Filter>
    </ClCompile>
    <ClCompile Include="*.cpp">
      <Filter>Source Files</Filter>
    </ClCompile>
    <ClCompile Include="*.cpp">
      <Filter>Source Files</Filter>
    </ClCompile>
    <ClCompile Include="*.cpp">
      <Filter>Source Files</Filter>
    </ClCompile>
    <ClCompile Include="*.cpp">
      <Filter>Source Files</Filter>
    </ClCompile>
    <ClCompile Include="*.cpp">
      <Filter>Source Files</Filter>
    </ClCompile>
    <ClCompile Include="*.cpp">
      <Filter>Source Files</Filter>
    </ClCompile>
    <ClCompile Include="*.cpp">
      <Filter>Source Files</Filter>
    </ClCompile>
    <ClCompile Include="*.cpp">
      <Filter>Source Files</Filter>
    </ClCompile>
    <ClCompile Include="*.cpp">
      <Filter>Source Files</Filter>
    </ClCompile>
    <ClCompile Include="*.cpp">
      <Filter>Source Files</Filter>
    </ClCompile>
    <ClCompile Include="*.cpp">
      <Filter>Source Files</Filter>
    </ClCompile>
    <ClCompile Include="*.cpp">
      <Filter>Source Files</Filter>
    </ClCompile>
    <ClCompile Include="*.cpp">
      <Filter>Source Files</Filter>
    </ClCompile>
    <ClCompile Include="*.cpp">
      <Filter>Source Files</Filter>
    </ClCompile>
    <ClCompile Include="*.cpp">
      <Filter>Source Files</Filter>
    </ClCompile>
    <ClCompile Include="*.cpp">
      <Filter>Source Files</Filter>
    </ClCompile>
    <ClCompile Include="*.cpp">
      <Filter>Source Files</Filter>
    </ClCompile>
    <ClCompile Include="*.cpp">
      <Filter>Source Files</Filter>
    </ClCompile>
    <ClCompile Include="*.cpp">
      <Filter>Source Files</Filter>
    </ClCompile>
    <ClCompile Include="*.cpp">
      <Filter>Source Files</Filter>
    </ClCompile>
    <ClCompile Include="*.cpp">
      <Filter>Source Files</Filter>
    </ClCompile>
    <ClCompile Include="*.cpp">
      <Filter>Source Files</Filter>
    </ClCompile>
    <ClCompile Include="*.cpp">
      <Filter>Source Files</Filter>
    </ClCompile>
    <ClCompile Include="*.cpp">
      <Filter>Source Files</Filter>
    </ClCompile>
    <ClCompile Include="*.cpp">
      <Filter>Source Files</Filter>
    </ClCompile>
    <ClCompile Include="*.cpp">
      <Filter>Source Files</Filter>
    </ClCompile>
    <ClCompile Include="*.cpp">
      <Filter>Source Files</Filter>
    </ClCompile>
    <ClCompile Include="*.cpp">
      <Filter>Source Files</Filter>
    </ClCompile>
    <ClCompile Include="*.cpp">
      <Filter>Source Files</Filter>
    </ClCompile>
    <ClCompile Include="*.cpp">
      <Filter>Source Files</Filter>
    </ClCompile>
    <ClCompile Include="*.cpp">
      <Filter>Source Files</Filter>
    </ClCompile>
    <ClCompile Include="*.cpp">
      <Filter>Source Files</Filter>
    </ClCompile>
    <ClCompile Include="*.cpp">
      <Filter>Source Files</Filter>
    </ClCompile>
    <ClCompile Include="*.cpp">
      <Filter>Source Files</Filter>
    </ClCompile>
    <ClCompile Include="*.cpp">
      <Filter>Source Files</Filter>
    </ClCompile>
    <ClCompile Include="*.cpp">
      <Filter>Source Files</Filter>
    </ClCompile>
    <ClCompile Include="*.cpp">
      <Filter>Source Files</Filter>
    </ClCompile>
    <ClCompile Include="*.cpp">
      <Filter>Source Files</Filter>
    </ClCompile>
    <ClCompile Include="*.cpp">
      <Filter>Source Files</Filter>
    </ClCompile>
    <ClCompile Include="*.cpp">
      <Filter>Source Files</Filter>
    </ClCompile>
    <ClCompile Include="*.cpp">
      <Filter>Source Files</Filter>
    </ClCompile>
    <ClCompile Include="*.cpp">
      <Filter>Source Files</Filter>
    </ClCompile>
    <ClCompile Include="*.cpp">
      <Filter>Source Files</Filter>
    </ClCompile>
    <ClCompile Include="*.cpp">
      <Filter>Source Files</Filter>
    </ClCompile>
    <ClCompile Include="*.cpp">
      <Filter>Source Files</Filter>
    </ClCompile>
    <ClCompile Include="*.cpp">
      <Filter>Source Files</Filter>
    </ClCompile>
    <ClCompile Include="*.cpp">
      <Filter>Source Files</Filter>
    </ClCompile>
    <ClCompile Include="*.cpp">
      <Filter>Source Files</Filter>
    </ClCompile>
    <ClCompile Include="*.cpp">
      <Filter>Source Files</Filter>
    </ClCompile>
    <ClCompile Include="*.cpp">
      <Filter>Source Files</Filter>
    </ClCompile>
    <ClCompile Include="*.cpp">
      <Filter>Source Files</Filter>
    </ClCompile>
    <ClCompile Include="*.cpp">
      <Filter>Source Files</Filter>
    </ClCompile>
    <ClCompile Include="*.cpp">
      <Filter>Source Files</Filter>
    </ClCompile>
    <ClCompile Include="*.cpp">
      <Filter>Source Files</Filter>
    </ClCompile>
    <ClCompile Include="*.cpp">
      <Filter>Source Files</Filter>
    </ClCompile>
    <ClCompile Include="*.cpp">
      <Filter>Source Files</Filter>
    </ClCompile>
    <ClCompile Include="*.cpp">
      <Filter>Source Files</Filter>
    </ClCompile>
    <ClCompile Include="*.cpp">
      <Filter>Source Files</Filter>
    </ClCompile>
    <ClCompile Include="*.cpp">
      <Filter>Source Files</Filter>
    </ClCompile>
    <ClCompile Include="*.cpp">
      <Filter>Source Files</Filter>
    </ClCompile>
    <ClCompile Include="*.cpp">
      <Filter>Source Files</Filter>
    </ClCompile>
    <ClCompile Include="*.cpp">
      <Filter>Source Files</Filter>
    </ClCompile>
    <ClCompile Include="*.cpp">
      <Filter>Source Files</Filter>
    </ClCompile>
    <ClCompile Include="*.cpp">
      <Filter>Source Files</Filter>
    </ClCompile>
    <ClCompile Include="*.cpp">
      <Filter>Source Files</Filter>
    </ClCompile>
    <ClCompile Include="*.cpp">
      <Filter>Source Files</Filter>
    </ClCompile>
    <ClCompile Include="*.cpp">
      <Filter>Source Files</Filter>
    </ClCompile>
    <ClCompile Include="*.cpp">
      <Filter>Source Files</Filter>
    </ClCompile>
    <ClCompile Include="*.cpp">
      <Filter>Source Files</Filter>
    </ClCompile>
    <ClCompile Include="*.cpp">
      <Filter>Source Files</Filter>
    </ClCompile>
    <ClCompile Include="*.cpp">
      <Filter>Source Files</Filter>
    </ClCompile>
    <ClCompile Include="*.cpp">
      <Filter>Source Files</Filter>
    </ClCompile>
    <ClCompile Include="*.cpp">
      <Filter>Source Files</Filter>
    </ClCompile>
    <ClCompile Include="*.cpp">
      <Filter>Source Files</Filter>
    </ClCompile>
    <ClCompile Include="*.cpp">
      <Filter>Source Files</Filter>
    </ClCompile>
    <ClCompile Include="*.cpp">
      <Filter>Source Files</Filter>
    </ClCompile>
    <ClCompile Include="*.cpp">
      <Filter>Source Files</Filter>
    </ClCompile>
    <ClCompile Include="*.cpp">
      <Filter>Source Files</Filter>
    </ClCompile>
    <ClCompile Include="*.cpp">
      <Filter>Source Files</Filter>
    </ClCompile>
    <ClCompile Include="*.cpp">
      <Filter>Source Files</Filter>
    </ClCompile>
    <ClCompile Include="*.cpp">
      <Filter>Source Files</Filter>
    </ClCompile>
    <ClCompile Include="*.cpp">
      <Filter>Source Files</Filter>
    </ClCompile>
    <ClCompile Include="*.cpp">
      <Filter>Source Files</Filter>
    </ClCompile>
    <ClCompile Include="*.cpp">
      <Filter>Source Files</Filter>
    </ClCompile>
    <ClCompile Include="*.cpp">
      <Filter>Source Files</Filter>
    </ClCompile>
    <ClCompile Include="*.cpp">
      <Filter>Source Files</Filter>
    </ClCompile>
    <ClCompile Include="*.cpp">
      <Filter>Source Files</Filter>
    </ClCompile>
    <ClCompile Include="*.cpp">
      <Filter>Source Files</Filter>
    </ClCompile>
    <ClCompile Include="*.cpp">
      <Filter>Source Files</Filter>
    </ClCompile>
    <ClCompile Include="*.cpp">
      <Filter>Source Files</Filter>
    </ClCompile>
    <ClCompile Include="*.cpp">
      <Filter>Source Files</Filter>
    </ClCompile>
    <ClCompile Include="*.cpp">
      <Filter>Source Files</Filter>
    </ClCompile>
    <ClCompile Include="*.cpp">
      <Filter>Source Files</Filter>
    </ClCompile>
    <ClCompile Include="*.cpp">
      <Filter>Source Files</Filter>
    </ClCompile>
    <ClCompile Include="*.cpp">
      <Filter>Source Files</Filter>
    </ClCompile>
    <ClCompile Include="*.cpp">
      <Filter>Source Files</Filter>
    </ClCompile>
    <ClCompile Include="*.cpp">
      <Filter>Source Files</Filter>
    </ClCompile>
    <ClCompile Include="*.cpp">
      <Filter>Source Files</Filter>
    </ClCompile>
    <ClCompile Include="*.cpp">
      <Filter>Source Files</Filter>
    </ClCompile>
    <ClCompile Include="*.cpp">
      <Filter>Source Files</Filter>
    </ClCompile>
  </ItemGroup>
  <ItemGroup>
    <None Include="res\AeSys.rc2">
      <Filter>Resource Files</Filter>
    </None>
    <None Include="res\Simplex.psf">
      <Filter>Resource Files</Filter>
    </None>
    <None Include="vshints.hm">
      <Filter>Header Files</Filter>
    </None>
    <None Include="C:\Users\tsmit\Desktop\Help Peg.pdf" />
    <None Include="Markdowns\*.md" />
    <None Include="Markdowns\*.md" />
    <None Include="Markdowns\*.md" />
    <None Include="Markdowns\*.md" />
    <None Include="Markdowns\*.md" />
    <None Include="Markdowns\*.md" />
    <None Include="res\*.bmp">
      <Filter>Resource Files</Filter>
    </None>
    <None Include="res\*.bmp">
      <Filter>Resource Files</Filter>
    </None>
    <None Include="res\*.bmp">
      <Filter>Resource Files</Filter>
    </None>
    <None Include="res\*.bmp">
      <Filter>Resource Files</Filter>
    </None>
    <None Include="res\*.bmp">
      <Filter>Resource Files</Filter>
    </None>
    <None Include="res\*.bmp">
      <Filter>Resource Files</Filter>
    </None>
    <None Include="res\*.bmp">
      <Filter>Resource Files</Filter>
    </None>
    <None Include="res\*.bmp">
      <Filter>Resource Files</Filter>
    </None>
    <None Include="res\*.bmp">
      <Filter>Resource Files</Filter>
    </None>
    <None Include="res\*.bmp">
      <Filter>Resource Files</Filter>
    </None>
    <None Include="res\*.bmp">
      <Filter>Resource Files</Filter>
    </None>
    <None Include="res\*.bmp">
      <Filter>Resource Files</Filter>
    </None>
    <None Include="res\*.cur">
      <Filter>Resource Files</Filter>
    </None>
    <None Include="res\*.cur">
      <Filter>Resource Files</Filter>
    </None>
    <None Include="res\*.cur">
      <Filter>Resource Files</Filter>
    </None>
    <None Include="res\*.cur">
      <Filter>Resource Files</Filter>
    </None>
    <None Include="res\*.cur">
      <Filter>Resource Files</Filter>
    </None>
    <None Include="res\*.cur">
      <Filter>Resource Files</Filter>
    </None>
    <None Include="res\*.cur">
      <Filter>Resource Files</Filter>
    </None>
    <None Include="res\*.cur">
      <Filter>Resource Files</Filter>
    </None>
    <None Include="res\*.cur">
      <Filter>Resource Files</Filter>
    </None>
    <None Include="res\*.cur">
      <Filter>Resource Files</Filter>
    </None>
    <None Include="res\*.cur">
      <Filter>Resource Files</Filter>
    </None>
    <None Include="res\*.cur">
      <Filter>Resource Files</Filter>
    </None>
    <None Include="res\*.cur">
      <Filter>Resource Files</Filter>
    </None>
    <None Include="res\*.cur">
      <Filter>Resource Files</Filter>
    </None>
    <None Include="res\*.cur">
      <Filter>Resource Files</Filter>
    </None>
    <None Include="res\*.ico">
      <Filter>Resource Files</Filter>
    </None>
    <None Include="res\*.ico">
      <Filter>Resource Files</Filter>
    </None>
    <None Include="res\*.ico">
      <Filter>Resource Files</Filter>
    </None>
    <None Include="res\*.ico">
      <Filter>Resource Files</Filter>
    </None>
    <None Include="res\*.ico">
      <Filter>Resource Files</Filter>
    </None>
    <None Include="res\*.ico">
      <Filter>Resource Files</Filter>
    </None>
    <None Include="res\*.ico">
      <Filter>Resource Files</Filter>
    </None>
    <None Include="res\*.ico">
      <Filter>Resource Files</Filter>
    </None>
  </ItemGroup>
  <ItemGroup>
    <ResourceCompile Include="AeSys.rc">
      <Filter>Resource Files</Filter>
    </ResourceCompile>
  </ItemGroup>
  <ItemGroup>
    <ClInclude Include="*.h">
      <Filter>Header Files</Filter>
    </ClInclude>
    <ClInclude Include="*.h">
      <Filter>Header Files</Filter>
    </ClInclude>
    <ClInclude Include="*.h">
      <Filter>Header Files</Filter>
    </ClInclude>
    <ClInclude Include="*.h">
      <Filter>Header Files</Filter>
    </ClInclude>
    <ClInclude Include="*.h">
      <Filter>Header Files</Filter>
    </ClInclude>
    <ClInclude Include="*.h">
      <Filter>Header Files</Filter>
    </ClInclude>
    <ClInclude Include="*.h">
      <Filter>Header Files</Filter>
    </ClInclude>
    <ClInclude Include="*.h">
      <Filter>Header Files</Filter>
    </ClInclude>
    <ClInclude Include="*.h">
      <Filter>Header Files</Filter>
    </ClInclude>
    <ClInclude Include="*.h">
      <Filter>Header Files</Filter>
    </ClInclude>
    <ClInclude Include="*.h">
      <Filter>Header Files</Filter>
    </ClInclude>
    <ClInclude Include="*.h">
      <Filter>Header Files</Filter>
    </ClInclude>
    <ClInclude Include="*.h">
      <Filter>Header Files</Filter>
    </ClInclude>
    <ClInclude Include="*.h">
      <Filter>Header Files</Filter>
    </ClInclude>
    <ClInclude Include="*.h">
      <Filter>Header Files</Filter>
    </ClInclude>
    <ClInclude Include="*.h">
      <Filter>Header Files</Filter>
    </ClInclude>
    <ClInclude Include="*.h">
      <Filter>Header Files</Filter>
    </ClInclude>
    <ClInclude Include="*.h">
      <Filter>Header Files</Filter>
    </ClInclude>
    <ClInclude Include="*.h">
      <Filter>Header Files</Filter>
    </ClInclude>
    <ClInclude Include="*.h">
      <Filter>Header Files</Filter>
    </ClInclude>
    <ClInclude Include="*.h">
      <Filter>Header Files</Filter>
    </ClInclude>
    <ClInclude Include="*.h">
      <Filter>Header Files</Filter>
    </ClInclude>
    <ClInclude Include="*.h">
      <Filter>Header Files</Filter>
    </ClInclude>
    <ClInclude Include="*.h">
      <Filter>Header Files</Filter>
    </ClInclude>
    <ClInclude Include="*.h">
      <Filter>Header Files</Filter>
    </ClInclude>
    <ClInclude Include="*.h">
      <Filter>Header Files</Filter>
    </ClInclude>
    <ClInclude Include="*.h">
      <Filter>Header Files</Filter>
    </ClInclude>
    <ClInclude Include="*.h">
      <Filter>Header Files</Filter>
    </ClInclude>
    <ClInclude Include="*.h">
      <Filter>Header Files</Filter>
    </ClInclude>
    <ClInclude Include="*.h">
      <Filter>Header Files</Filter>
    </ClInclude>
    <ClInclude Include="*.h">
      <Filter>Header Files</Filter>
    </ClInclude>
    <ClInclude Include="*.h">
      <Filter>Header Files</Filter>
    </ClInclude>
    <ClInclude Include="*.h">
      <Filter>Header Files</Filter>
    </ClInclude>
    <ClInclude Include="*.h">
      <Filter>Header Files</Filter>
    </ClInclude>
    <ClInclude Include="*.h">
      <Filter>Header Files</Filter>
    </ClInclude>
    <ClInclude Include="*.h">
      <Filter>Header Files</Filter>
    </ClInclude>
    <ClInclude Include="*.h">
      <Filter>Header Files</Filter>
    </ClInclude>
    <ClInclude Include="*.h">
      <Filter>Header Files</Filter>
    </ClInclude>
    <ClInclude Include="*.h">
      <Filter>Header Files</Filter>
    </ClInclude>
    <ClInclude Include="*.h">
      <Filter>Header Files</Filter>
    </ClInclude>
    <ClInclude Include="*.h">
      <Filter>Header Files</Filter>
    </ClInclude>
    <ClInclude Include="*.h">
      <Filter>Header Files</Filter>
    </ClInclude>
    <ClInclude Include="*.h">
      <Filter>Header Files</Filter>
    </ClInclude>
    <ClInclude Include="*.h">
      <Filter>Header Files</Filter>
    </ClInclude>
    <ClInclude Include="*.h">
      <Filter>Header Files</Filter>
    </ClInclude>
    <ClInclude Include="*.h">
      <Filter>Header Files</Filter>
    </ClInclude>
    <ClInclude Include="*.h">
      <Filter>Header Files</Filter>
    </ClInclude>
    <ClInclude Include="*.h">
      <Filter>Header Files</Filter>
    </ClInclude>
    <ClInclude Include="*.h">
      <Filter>Header Files</Filter>
    </ClInclude>
    <ClInclude Include="*.h">
      <Filter>Header Files</Filter>
    </ClInclude>
    <ClInclude Include="*.h">
      <Filter>Header Files</Filter>
    </ClInclude>
    <ClInclude Include="*.h">
      <Filter>Header Files</Filter>
    </ClInclude>
    <ClInclude Include="*.h">
      <Filter>Header Files</Filter>
    </ClInclude>
    <ClInclude Include="*.h">
      <Filter>Header Files</Filter>
    </ClInclude>
    <ClInclude Include="*.h">
      <Filter>Header Files</Filter>
    </ClInclude>
    <ClInclude Include="*.h">
      <Filter>Header Files</Filter>
    </ClInclude>
    <ClInclude Include="*.h">
      <Filter>Header Files</Filter>
    </ClInclude>
    <ClInclude Include="*.h">
      <Filter>Header Files</Filter>
    </ClInclude>
    <ClInclude Include="*.h">
      <Filter>Header Files</Filter>
    </ClInclude>
    <ClInclude Include="*.h">
      <Filter>Header Files</Filter>
    </ClInclude>
    <ClInclude Include="*.h">
      <Filter>Header Files</Filter>
    </ClInclude>
    <ClInclude Include="*.h">
      <Filter>Header Files</Filter>
    </ClInclude>
    <ClInclude Include="*.h">
      <Filter>Header Files</Filter>
    </ClInclude>
    <ClInclude Include="*.h">
      <Filter>Header Files</Filter>
    </ClInclude>
    <ClInclude Include="*.h">
      <Filter>Header Files</Filter>
    </ClInclude>
    <ClInclude Include="*.h">
      <Filter>Header Files</Filter>
    </ClInclude>
    <ClInclude Include="*.h">
      <Filter>Header Files</Filter>
    </ClInclude>
    <ClInclude Include="*.h">
      <Filter>Header Files</Filter>
    </ClInclude>
    <ClInclude Include="*.h">
      <Filter>Header Files</Filter>
    </ClInclude>
    <ClInclude Include="*.h">
      <Filter>Header Files</Filter>
    </ClInclude>
    <ClInclude Include="*.h">
      <Filter>Header Files</Filter>
    </ClInclude>
    <ClInclude Include="*.h">
      <Filter>Header Files</Filter>
    </ClInclude>
    <ClInclude Include="*.h">
      <Filter>Header Files</Filter>
    </ClInclude>
    <ClInclude Include="*.h">
      <Filter>Header Files</Filter>
    </ClInclude>
    <ClInclude Include="*.h">
      <Filter>Header Files</Filter>
    </ClInclude>
    <ClInclude Include="*.h">
      <Filter>Header Files</Filter>
    </ClInclude>
    <ClInclude Include="*.h">
      <Filter>Header Files</Filter>
    </ClInclude>
    <ClInclude Include="*.h">
      <Filter>Header Files</Filter>
    </ClInclude>
    <ClInclude Include="*.h">
      <Filter>Header Files</Filter>
    </ClInclude>
    <ClInclude Include="*.h">
      <Filter>Header Files</Filter>
    </ClInclude>
    <ClInclude Include="*.h">
      <Filter>Header Files</Filter>
    </ClInclude>
    <ClInclude Include="*.h">
      <Filter>Header Files</Filter>
    </ClInclude>
    <ClInclude Include="*.h">
      <Filter>Header Files</Filter>
    </ClInclude>
    <ClInclude Include="*.h">
      <Filter>Header Files</Filter>
    </ClInclude>
    <ClInclude Include="*.h">
      <Filter>Header Files</Filter>
    </ClInclude>
    <ClInclude Include="*.h">
      <Filter>Header Files</Filter>
    </ClInclude>
    <ClInclude Include="*.h">
      <Filter>Header Files</Filter>
    </ClInclude>
    <ClInclude Include="*.h">
      <Filter>Header Files</Filter>
    </ClInclude>
    <ClInclude Include="*.h">
      <Filter>Header Files</Filter>
    </ClInclude>
    <ClInclude Include="*.h">
      <Filter>Header Files</Filter>
    </ClInclude>
    <ClInclude Include="*.h">
      <Filter>Header Files</Filter>
    </ClInclude>
    <ClInclude Include="*.h">
      <Filter>Header Files</Filter>
    </ClInclude>
    <ClInclude Include="*.h">
      <Filter>Header Files</Filter>
    </ClInclude>
    <ClInclude Include="*.h">
      <Filter>Header Files</Filter>
    </ClInclude>
    <ClInclude Include="*.h">
      <Filter>Header Files</Filter>
    </ClInclude>
    <ClInclude Include="*.h">
      <Filter>Header Files</Filter>
    </ClInclude>
    <ClInclude Include="*.h">
      <Filter>Header Files</Filter>
    </ClInclude>
    <ClInclude Include="*.h">
      <Filter>Header Files</Filter>
    </ClInclude>
    <ClInclude Include="*.h">
      <Filter>Header Files</Filter>
    </ClInclude>
    <ClInclude Include="*.h">
      <Filter>Header Files</Filter>
    </ClInclude>
    <ClInclude Include="*.h">
      <Filter>Header Files</Filter>
    </ClInclude>
    <ClInclude Include="*.h">
      <Filter>Header Files</Filter>
    </ClInclude>
    <ClInclude Include="*.h">
      <Filter>Header Files</Filter>
    </ClInclude>
    <ClInclude Include="*.h">
      <Filter>Header Files</Filter>
    </ClInclude>
    <ClInclude Include="*.h">
      <Filter>Header Files</Filter>
    </ClInclude>
    <ClInclude Include="*.h">
      <Filter>Header Files</Filter>
    </ClInclude>
  </ItemGroup>
  <ItemGroup>
    <Text Include="lex_rules.l" />
    <Text Include="res\LineTypes\*.txt" />
    <Text Include="res\LineTypes\*.txt" />
    <Text Include="res\LineTypes\*.txt" />
    <Text Include="res\LineTypes\*.txt" />
    <Text Include="res\LineTypes\*.txt" />
  </ItemGroup>
</Project>