<?xml version="1.0" encoding="utf-8"?>
<Project ToolsVersion="4.0" xmlns="http://schemas.microsoft.com/developer/msbuild/2003">
  <ItemGroup>
    <Filter Include="Source Files">
      <UniqueIdentifier>{4FC737F1-C7A5-4376-A066-2A32D752A2FF}</UniqueIdentifier>
      <Extensions>cpp;c;cc;cxx;def;odl;idl;hpj;bat;asm;asmx</Extensions>
    </Filter>
    <Filter Include="Header Files">
      <UniqueIdentifier>{93995380-89BD-4b04-88EB-625FBE52EBFB}</UniqueIdentifier>
      <Extensions>h;hh;hpp;hxx;hm;inl;inc;xsd</Extensions>
    </Filter>
    <Filter Include="Resource Files">
      <UniqueIdentifier>{67DA6AB6-F800-4c08-8B7A-83BB121AAD01}</UniqueIdentifier>
      <Extensions>rc;ico;cur;bmp;dlg;rc2;rct;bin;rgs;gif;jpg;jpeg;jpe;resx;tiff;tif;png;wav;mfcribbon-ms</Extensions>
    </Filter>
  </ItemGroup>
  <ItemGroup>
    <ClInclude Include="src\EoDxfBase.h">
      <Filter>Header Files</Filter>
    </ClInclude>
    <ClInclude Include="src\EoDxfClasses.h">
      <Filter>Header Files</Filter>
    </ClInclude>
    <ClInclude Include="src\EoDxfEntities.h">
      <Filter>Header Files</Filter>
    </ClInclude>
    <ClInclude Include="src\EoDxfHeader.h">
      <Filter>Header Files</Filter>
    </ClInclude>
    <ClInclude Include="src\EoDxfInterface.h">
      <Filter>Header Files</Filter>
    </ClInclude>
    <ClInclude Include="src\EoDxfCodePageTables.h">
      <Filter>Header Files</Filter>
    </ClInclude>
    <ClInclude Include="src\EoDxfTextCodec.h">
      <Filter>Header Files</Filter>
    </ClInclude>
    <ClInclude Include="src\EoDxfReader.h">
      <Filter>Header Files</Filter>
    </ClInclude>
    <ClInclude Include="src\EoDxfWriter.h">
      <Filter>Header Files</Filter>
    </ClInclude>
    <ClInclude Include="src\EoDxfRead.h">
      <Filter>Header Files</Filter>
    </ClInclude>
    <ClInclude Include="src\EoDxfWrite.h">
      <Filter>Header Files</Filter>
    </ClInclude>
    <ClInclude Include="src\EoDxfObjects.h">
      <Filter>Header Files</Filter>
    </ClInclude>
    <ClInclude Include="src\EoDxfTables.h">
      <Filter>Header Files</Filter>
    </ClInclude>
  </ItemGroup>
  <ItemGroup>
    <ClCompile Include="src\EoDxfClasses.cpp">
      <Filter>Source Files</Filter>
    </ClCompile>
    <ClCompile Include="src\EoDxfEntities.cpp">
      <Filter>Source Files</Filter>
    </ClCompile>
    <ClCompile Include="src\EoDxfHeader.cpp">
      <Filter>Source Files</Filter>
    </ClCompile>
    <ClCompile Include="src\EoDxfTextCodec.cpp">
      <Filter>Source Files</Filter>
    </ClCompile>
    <ClCompile Include="src\EoDxfReader.cpp">
      <Filter>Source Files</Filter>
    </ClCompile>
    <ClCompile Include="src\EoDxfWriter.cpp">
      <Filter>Source Files</Filter>
    </ClCompile>
    <ClCompile Include="src\EoDxfRead.cpp">
      <Filter>Source Files</Filter>
    </ClCompile>
    <ClCompile Include="src\EoDxfWrite.cpp">
      <Filter>Source Files</Filter>
    </ClCompile>
    <ClCompile Include="src\EoDxfObjects.cpp">
      <Filter>Source Files</Filter>
    </ClCompile>
    <ClCompile Include="src\EoDxfTables.cpp">
      <Filter>Source Files</Filter>
    </ClCompile>
  </ItemGroup>
</Project>