<?xml version="1.0" encoding="utf-8"?>
<Project ToolsVersion="4.0" xmlns="http://schemas.microsoft.com/developer/msbuild/2003">
  <ItemGroup>
    <ClCompile Include="src\EoDxfClasses.cpp">
      <Filter>Source Files</Filter>
    </ClCompile>
    <ClCompile Include="src\EoDxfEntities.cpp">
      <Filter>Source Files</Filter>
    </ClCompile>
    <ClCompile Include="src\EoDxfHeader.cpp">
      <Filter>Source Files</Filter>
    </ClCompile>
    <ClCompile Include="src\EoDxfObjects.cpp">
      <Filter>Source Files</Filter>
    </ClCompile>
    <ClCompile Include="src\EoDxfRead.cpp">
      <Filter>Source Files</Filter>
    </ClCompile>
    <ClCompile Include="src\EoDxfReader.cpp">
      <Filter>Source Files</Filter>
    </ClCompile>
    <ClCompile Include="src\EoDxfTables.cpp">
      <Filter>Source Files</Filter>
    </ClCompile>
    <ClCompile Include="src\EoDxfTextCodec.cpp">
      <Filter>Source Files</Filter>
    </ClCompile>
    <ClCompile Include="src\EoDxfWrite.cpp">
      <Filter>Source Files</Filter>
    </ClCompile>
    <ClCompile Include="src\EoDxfWriter.cpp">
      <Filter>Source Files</Filter>
    </ClCompile>
  </ItemGroup>
  <ItemGroup>
    <ClInclude Include="src\EoDxfBase.h">
      <Filter>Header Files</Filter>
    </ClInclude>
    <ClInclude Include="src\EoDxfClasses.h">
      <Filter>Header Files</Filter>
    </ClInclude>
    <ClInclude Include="src\EoDxfCodePageTables.h">
      <Filter>Header Files</Filter>
    </ClInclude>
    <ClInclude Include="src\EoDxfEntities.h">
      <Filter>Header Files</Filter>
    </ClInclude>
    <ClInclude Include="src\EoDxfHeader.h">
      <Filter>Header Files</Filter>
    </ClInclude>
    <ClInclude Include="src\EoDxfInterface.h">
      <Filter>Header Files</Filter>
    </ClInclude>
    <ClInclude Include="src\EoDxfObjects.h">
      <Filter>Header Files</Filter>
    </ClInclude>
    <ClInclude Include="src\EoDxfRead.h">
      <Filter>Header Files</Filter>
    </ClInclude>
    <ClInclude Include="src\EoDxfReader.h">
      <Filter>Header Files</Filter>
    </ClInclude>
    <ClInclude Include="src\EoDxfTables.h">
      <Filter>Header Files</Filter>
    </ClInclude>
    <ClInclude Include="src\EoDxfTextCodec.h">
      <Filter>Header Files</Filter>
    </ClInclude>
    <ClInclude Include="src\EoDxfWrite.h">
      <Filter>Header Files</Filter>
    </ClInclude>
    <ClInclude Include="src\EoDxfWriter.h">
      <Filter>Header Files</Filter>
    </ClInclude>
  </ItemGroup>
  <ItemGroup>
    <Filter Include="Header Files">
      <UniqueIdentifier>{8bf4b9bf-e2cc-421d-8a39-a8d0ebf36b84}</UniqueIdentifier>
    </Filter>
    <Filter Include="Source Files">
      <UniqueIdentifier>{6f1206c9-afc1-4057-9b0e-c6ac84303b57}</UniqueIdentifier>
    </Filter>
  </ItemGroup>
</Project>