<?xml version="1.0" encoding="utf-8"?>
<Project ToolsVersion="4.0" xmlns="http://schemas.microsoft.com/developer/msbuild/2003">
  <ItemGroup>
    <ClCompile Include="EoDxfClasses.cpp">
      <Filter>Source Files</Filter>
    </ClCompile>
    <ClCompile Include="EoDxfEntities.cpp">
      <Filter>Source Files</Filter>
    </ClCompile>
    <ClCompile Include="EoDxfHeader.cpp">
      <Filter>Source Files</Filter>
    </ClCompile>
    <ClCompile Include="EoDxfObjects.cpp">
      <Filter>Source Files</Filter>
    </ClCompile>
    <ClCompile Include="EoDxfRead.cpp">
      <Filter>Source Files</Filter>
    </ClCompile>
    <ClCompile Include="EoDxfReader.cpp">
      <Filter>Source Files</Filter>
    </ClCompile>
    <ClCompile Include="EoDxfTables.cpp">
      <Filter>Source Files</Filter>
    </ClCompile>
    <ClCompile Include="EoDxfTextCodec.cpp">
      <Filter>Source Files</Filter>
    </ClCompile>
    <ClCompile Include="EoDxfWrite.cpp">
      <Filter>Source Files</Filter>
    </ClCompile>
    <ClCompile Include="EoDxfWriter.cpp">
      <Filter>Source Files</Filter>
    </ClCompile>
    <ClCompile Include="EoDxfWriteAnnotation.cpp">
      <Filter>Source Files</Filter>
    </ClCompile>
    <ClCompile Include="EoDxfDrawing.cpp">
      <Filter>Source Files</Filter>
    </ClCompile>
    <ClCompile Include="EoDxfWriteTables.cpp">
      <Filter>Source Files</Filter>
    </ClCompile>
    <ClCompile Include="EoDxfMLeader.cpp">
      <Filter>Source Files</Filter>
    </ClCompile>
  </ItemGroup>
  <ItemGroup>
    <ClInclude Include="EoDxfBase.h">
      <Filter>Header Files</Filter>
    </ClInclude>
    <ClInclude Include="EoDxfClasses.h">
      <Filter>Header Files</Filter>
    </ClInclude>
    <ClInclude Include="EoDxfCodePageTables.h">
      <Filter>Header Files</Filter>
    </ClInclude>
    <ClInclude Include="EoDxfEntities.h">
      <Filter>Header Files</Filter>
    </ClInclude>
    <ClInclude Include="EoDxfHeader.h">
      <Filter>Header Files</Filter>
    </ClInclude>
    <ClInclude Include="EoDxfInterface.h">
      <Filter>Header Files</Filter>
    </ClInclude>
    <ClInclude Include="EoDxfObjects.h">
      <Filter>Header Files</Filter>
    </ClInclude>
    <ClInclude Include="EoDxfRead.h">
      <Filter>Header Files</Filter>
    </ClInclude>
    <ClInclude Include="EoDxfReader.h">
      <Filter>Header Files</Filter>
    </ClInclude>
    <ClInclude Include="EoDxfTables.h">
      <Filter>Header Files</Filter>
    </ClInclude>
    <ClInclude Include="EoDxfTextCodec.h">
      <Filter>Header Files</Filter>
    </ClInclude>
    <ClInclude Include="EoDxfWrite.h">
      <Filter>Header Files</Filter>
    </ClInclude>
    <ClInclude Include="EoDxfWriter.h">
      <Filter>Header Files</Filter>
    </ClInclude>
    <ClInclude Include="EoDxfMLeader.h">
      <Filter>Header Files</Filter>
    </ClInclude>
    <ClInclude Include="EoDxfGeometry.h">
      <Filter>Header Files</Filter>
    </ClInclude>
    <ClInclude Include="EoDxfGroupCodeValuesVariant.h" />
    <ClInclude Include="EoDxfLineWidths.h" />
  </ItemGroup>
  <ItemGroup>
    <Filter Include="Header Files">
      <UniqueIdentifier>{8bf4b9bf-e2cc-421d-8a39-a8d0ebf36b84}</UniqueIdentifier>
    </Filter>
    <Filter Include="Source Files">
      <UniqueIdentifier>{6f1206c9-afc1-4057-9b0e-c6ac84303b57}</UniqueIdentifier>
    </Filter>
  </ItemGroup>
  <ItemGroup>
    <None Include="AcadEntityObjectHierarchy.md" />
  </ItemGroup>
</Project>