<?xml version="1.0" encoding="utf-8"?>
<Project ToolsVersion="18.0" xmlns="http://schemas.microsoft.com/developer/msbuild/2003">
  <ItemGroup>
    <CustomBuild Include="D:\SynologyDrive\VisualStudio\Migrations\Eo111222\RE-flex\CMakeFiles\ec9988fdb913a844f31a8d0b01d93ea7\INSTALL_force.rule">
      <Filter>CMake Rules</Filter>
    </CustomBuild>
  </ItemGroup>
  <ItemGroup>
    <Filter Include="CMake Rules">
      <UniqueIdentifier>{F1E42BAA-837B-3D60-A8CC-C5DF83E5600F}</UniqueIdentifier>
    </Filter>
  </ItemGroup>
</Project>
