<?xml version="1.0" encoding="utf-8"?>
<Project ToolsVersion="18.0" xmlns="http://schemas.microsoft.com/developer/msbuild/2003">
  <ItemGroup>
    <ClCompile Include="D:\SynologyDrive\VisualStudio\Migrations\Eo111222\RE-flex\src\reflex.cpp">
      <Filter>Source Files</Filter>
    </ClCompile>
  </ItemGroup>
  <ItemGroup>
    <CustomBuild Include="D:\SynologyDrive\VisualStudio\Migrations\Eo111222\RE-flex\CMakeLists.txt" />
  </ItemGroup>
  <ItemGroup>
    <Filter Include="Source Files">
      <UniqueIdentifier>{D419343C-4630-3DEE-A4A9-DA6272361AC2}</UniqueIdentifier>
    </Filter>
  </ItemGroup>
</Project>
