<?xml version="1.0" encoding="utf-8"?>
<Project ToolsVersion="4.0" xmlns="http://schemas.microsoft.com/developer/msbuild/2003">
  <ItemGroup>
    <Filter Include="Source Files">
      <UniqueIdentifier>{d4d91292-5703-4e61-847e-91e71ed6b5dc}</UniqueIdentifier>
      <Extensions>cpp;c;cc;cxx;def;odl;idl;hpj;bat;asm;asmx</Extensions>
    </Filter>
    <Filter Include="Header Files">
      <UniqueIdentifier>{00d625b8-d40b-4eed-b5ea-89c2a7fb615b}</UniqueIdentifier>
      <Extensions>h;hpp;hxx;hm;inl;inc</Extensions>
    </Filter>
    <Filter Include="Resource Files">
      <UniqueIdentifier>{f1669c80-2573-4bd5-b7d4-a155583442ff}</UniqueIdentifier>
      <Extensions>rc;ico;cur;bmp;dlg;rc2;rct;bin;rgs;jpg;jpeg;jpe;manifest;psf</Extensions>
    </Filter>
    <Filter Include="HTML Help Files">
      <UniqueIdentifier>{447c8d94-76e6-425e-bf22-db92c1f6a836}</UniqueIdentifier>
      <Extensions>hhp;hhc;hhk;gif;jpg</Extensions>
    </Filter>
    <Filter Include="HTML Help Topics">
      <UniqueIdentifier>{8f1d16e7-afee-45fa-9cd3-c29399752595}</UniqueIdentifier>
      <Extensions>htm;html;css</Extensions>
    </Filter>
    <Filter Include="Resource Files\Bitmaps">
      <UniqueIdentifier>{a7fc97e4-3d63-40a7-a5eb-98a3d7f860c9}</UniqueIdentifier>
    </Filter>
    <Filter Include="Resource Files\Cursors">
      <UniqueIdentifier>{d9705926-06d6-4c27-b97b-6c2e619a1df3}</UniqueIdentifier>
    </Filter>
    <Filter Include="Resource Files\Icons">
      <UniqueIdentifier>{8698164e-803b-4361-8555-35e7aada675d}</UniqueIdentifier>
    </Filter>
    <Filter Include="Source Files\DDE">
      <UniqueIdentifier>{36c8762d-2c80-41b5-8637-32decdacb3f6}</UniqueIdentifier>
    </Filter>
    <Filter Include="Source Files\Dialogs">
      <UniqueIdentifier>{7f039b16-041f-40b0-aeb1-ddd8f0b8494b}</UniqueIdentifier>
    </Filter>
    <Filter Include="Source Files\Callbacks">
      <UniqueIdentifier>{320f7349-276d-4376-826b-9cd8895887d9}</UniqueIdentifier>
    </Filter>
    <Filter Include="Header Files\Dialogs">
      <UniqueIdentifier>{d821e470-51d2-421b-9b7f-c2ee661cb37d}</UniqueIdentifier>
    </Filter>
    <Filter Include="Header Files\DDE">
      <UniqueIdentifier>{d920cbc4-d86a-47e0-b3f1-825b7af3c2a2}</UniqueIdentifier>
    </Filter>
    <Filter Include="Markdowns">
      <UniqueIdentifier>{e1740f9f-fe31-4a83-ad2f-669deaf7b712}</UniqueIdentifier>
    </Filter>
    <Filter Include="Source Files\AeSysView">
      <UniqueIdentifier>{3cbedda0-8fe6-48d0-97e3-c422057fff08}</UniqueIdentifier>
    </Filter>
  </ItemGroup>
  <ItemGroup>
    <ClCompile Include="Stdafx.cpp">
      <Filter>Source Files</Filter>
    </ClCompile>
    <ClCompile Include="Section.cpp">
      <Filter>Source Files</Filter>
    </ClCompile>
    <ClCompile Include="PrimState.cpp">
      <Filter>Source Files</Filter>
    </ClCompile>
    <ClCompile Include="ModeLine.cpp">
      <Filter>Source Files</Filter>
    </ClCompile>
    <ClCompile Include="MainFrm.cpp">
      <Filter>Source Files</Filter>
    </ClCompile>
    <ClCompile Include="Lex.cpp">
      <Filter>Source Files</Filter>
    </ClCompile>
    <ClCompile Include="EoMfPropertiesDockablePane.cpp">
      <Filter>Source Files</Filter>
    </ClCompile>
    <ClCompile Include="EoMfOutputDockablePane.cpp">
      <Filter>Source Files</Filter>
    </ClCompile>
    <ClCompile Include="EoGeVector3d.cpp">
      <Filter>Source Files</Filter>
    </ClCompile>
    <ClCompile Include="EoGePoint3d.cpp">
      <Filter>Source Files</Filter>
    </ClCompile>
    <ClCompile Include="EoDbTrappedGroups.cpp">
      <Filter>Source Files</Filter>
    </ClCompile>
    <ClCompile Include="EoDbText.cpp">
      <Filter>Source Files</Filter>
    </ClCompile>
    <ClCompile Include="EoDbSpline.cpp">
      <Filter>Source Files</Filter>
    </ClCompile>
    <ClCompile Include="EoDbPrimitive.cpp">
      <Filter>Source Files</Filter>
    </ClCompile>
    <ClCompile Include="EoDbPolyline.cpp">
      <Filter>Source Files</Filter>
    </ClCompile>
    <ClCompile Include="EoDbPolygon.cpp">
      <Filter>Source Files</Filter>
    </ClCompile>
    <ClCompile Include="EoDbPoint.cpp">
      <Filter>Source Files</Filter>
    </ClCompile>
    <ClCompile Include="EoDbPegBlockTable.cpp">
      <Filter>Source Files</Filter>
    </ClCompile>
    <ClCompile Include="EoDbLine.cpp">
      <Filter>Source Files</Filter>
    </ClCompile>
    <ClCompile Include="EoDbGroupList.cpp">
      <Filter>Source Files</Filter>
    </ClCompile>
    <ClCompile Include="EoDbGroup.cpp">
      <Filter>Source Files</Filter>
    </ClCompile>
    <ClCompile Include="EoDbEllipse.cpp">
      <Filter>Source Files</Filter>
    </ClCompile>
    <ClCompile Include="EoDbDimension.cpp">
      <Filter>Source Files</Filter>
    </ClCompile>
    <ClCompile Include="EoDBBlockReference.cpp">
      <Filter>Source Files</Filter>
    </ClCompile>
    <ClCompile Include="EoDbBlock.cpp">
      <Filter>Source Files</Filter>
    </ClCompile>
    <ClCompile Include="EoApOptions.cpp">
      <Filter>Source Files</Filter>
    </ClCompile>
    <ClCompile Include="ChildFrm.cpp">
      <Filter>Source Files</Filter>
    </ClCompile>
    <ClCompile Include="AeSysDoc.cpp">
      <Filter>Source Files</Filter>
    </ClCompile>
    <ClCompile Include="AeSys.cpp">
      <Filter>Source Files</Filter>
    </ClCompile>
    <ClCompile Include="Dde.cpp">
      <Filter>Source Files\DDE</Filter>
    </ClCompile>
    <ClCompile Include="DdeCmds.cpp">
      <Filter>Source Files\DDE</Filter>
    </ClCompile>
    <ClCompile Include="DdeConversation.cpp">
      <Filter>Source Files\DDE</Filter>
    </ClCompile>
    <ClCompile Include="DdeGItms.cpp">
      <Filter>Source Files\DDE</Filter>
    </ClCompile>
    <ClCompile Include="DdeItem.cpp">
      <Filter>Source Files\DDE</Filter>
    </ClCompile>
    <ClCompile Include="DdeSys.cpp">
      <Filter>Source Files\DDE</Filter>
    </ClCompile>
    <ClCompile Include="DdeTopic.cpp">
      <Filter>Source Files\DDE</Filter>
    </ClCompile>
    <ClCompile Include="EoDbLineTypeTable.cpp">
      <Filter>Source Files</Filter>
    </ClCompile>
    <ClCompile Include="EoDbLineType.cpp">
      <Filter>Source Files</Filter>
    </ClCompile>
    <ClCompile Include="EoDbLayer.cpp">
      <Filter>Source Files</Filter>
    </ClCompile>
    <ClCompile Include="EoCtrlColorsButton.cpp">
      <Filter>Source Files</Filter>
    </ClCompile>
    <ClCompile Include="EoDlgEditOptions.cpp">
      <Filter>Source Files\Dialogs</Filter>
    </ClCompile>
    <ClCompile Include="EoDlgFileManage.cpp">
      <Filter>Source Files\Dialogs</Filter>
    </ClCompile>
    <ClCompile Include="EoDlgLowPressureDuctOptions.cpp">
      <Filter>Source Files\Dialogs</Filter>
    </ClCompile>
    <ClCompile Include="EoDlgSetAngle.cpp">
      <Filter>Source Files\Dialogs</Filter>
    </ClCompile>
    <ClCompile Include="EoDlgSetLength.cpp">
      <Filter>Source Files\Dialogs</Filter>
    </ClCompile>
    <ClCompile Include="EoDlgSetScale.cpp">
      <Filter>Source Files\Dialogs</Filter>
    </ClCompile>
    <ClCompile Include="EoDlgSetText.cpp">
      <Filter>Source Files\Dialogs</Filter>
    </ClCompile>
    <ClCompile Include="EoDlgSetUnitsAndPrecision.cpp">
      <Filter>Source Files\Dialogs</Filter>
    </ClCompile>
    <ClCompile Include="EoDlgSetupColor.cpp">
      <Filter>Source Files\Dialogs</Filter>
    </ClCompile>
    <ClCompile Include="EoDlgSetupConstraints.cpp">
      <Filter>Source Files\Dialogs</Filter>
    </ClCompile>
    <ClCompile Include="EoDlgSetupCustomMouseCharacters.cpp">
      <Filter>Source Files\Dialogs</Filter>
    </ClCompile>
    <ClCompile Include="EoDlgSetupLineType.cpp">
      <Filter>Source Files\Dialogs</Filter>
    </ClCompile>
    <ClCompile Include="EoDlgViewZoom.cpp">
      <Filter>Source Files\Dialogs</Filter>
    </ClCompile>
    <ClCompile Include="EoDlgPipeSymbol.cpp">
      <Filter>Source Files\Dialogs</Filter>
    </ClCompile>
    <ClCompile Include="EoDlgPipeOptions.cpp">
      <Filter>Source Files\Dialogs</Filter>
    </ClCompile>
    <ClCompile Include="EoDlgSelectGotoHomePoint.cpp">
      <Filter>Source Files\Dialogs</Filter>
    </ClCompile>
    <ClCompile Include="EoDlgSetupHomePoint.cpp">
      <Filter>Source Files\Dialogs</Filter>
    </ClCompile>
    <ClCompile Include="EoDlgAnnotateOptions.cpp">
      <Filter>Source Files\Dialogs</Filter>
    </ClCompile>
    <ClCompile Include="EoDlgSetupNote.cpp">
      <Filter>Source Files\Dialogs</Filter>
    </ClCompile>
    <ClCompile Include="EoDlgSetupHatch.cpp">
      <Filter>Source Files\Dialogs</Filter>
    </ClCompile>
    <ClCompile Include="EoDlgDrawOptions.cpp">
      <Filter>Source Files\Dialogs</Filter>
    </ClCompile>
    <ClCompile Include="EoDlgModeLetter.cpp">
      <Filter>Source Files\Dialogs</Filter>
    </ClCompile>
    <ClCompile Include="EoDlgModeRevise.cpp">
      <Filter>Source Files\Dialogs</Filter>
    </ClCompile>
    <ClCompile Include="EoDlgFixupOptions.cpp">
      <Filter>Source Files\Dialogs</Filter>
    </ClCompile>
    <ClCompile Include="EoDlgSetPastePosition.cpp">
      <Filter>Source Files\Dialogs</Filter>
    </ClCompile>
    <ClCompile Include="EoDlgTrapModify.cpp">
      <Filter>Source Files\Dialogs</Filter>
    </ClCompile>
    <ClCompile Include="EoDlgBlockInsert.cpp">
      <Filter>Source Files\Dialogs</Filter>
    </ClCompile>
    <ClCompile Include="EoDlgTrapFilter.cpp">
      <Filter>Source Files\Dialogs</Filter>
    </ClCompile>
    <ClCompile Include="EoDlgEditTrapCommandsQuery.cpp">
      <Filter>Source Files\Dialogs</Filter>
    </ClCompile>
    <ClCompile Include="EoDlgViewParameters.cpp">
      <Filter>Source Files\Dialogs</Filter>
    </ClCompile>
    <ClCompile Include="EoDlgSelectIsometricView.cpp">
      <Filter>Source Files\Dialogs</Filter>
    </ClCompile>
    <ClCompile Include="OFNHookProcFileTracing.cpp">
      <Filter>Source Files\Callbacks</Filter>
    </ClCompile>
    <ClCompile Include="WndProcKeyPlan.cpp">
      <Filter>Source Files\Callbacks</Filter>
    </ClCompile>
    <ClCompile Include="WndProcPreview.cpp">
      <Filter>Source Files\Callbacks</Filter>
    </ClCompile>
    <ClCompile Include="EoDlgActiveViewKeyplan.cpp">
      <Filter>Source Files\Dialogs</Filter>
    </ClCompile>
    <ClCompile Include="EoGsAbstractView.cpp">
      <Filter>Source Files</Filter>
    </ClCompile>
    <ClCompile Include="EoGsModelTransform.cpp">
      <Filter>Source Files</Filter>
    </ClCompile>
    <ClCompile Include="EoGsViewTransform.cpp">
      <Filter>Source Files</Filter>
    </ClCompile>
    <ClCompile Include="EoGsViewport.cpp">
      <Filter>Source Files</Filter>
    </ClCompile>
    <ClCompile Include="EoGeMatrix.cpp">
      <Filter>Source Files</Filter>
    </ClCompile>
    <ClCompile Include="EoGePoint4d.cpp">
      <Filter>Source Files</Filter>
    </ClCompile>
    <ClCompile Include="EoGeTransformMatrix.cpp">
      <Filter>Source Files</Filter>
    </ClCompile>
    <ClCompile Include="EoDbBitmapFile.cpp">
      <Filter>Source Files</Filter>
    </ClCompile>
    <ClCompile Include="EoCtrlFindComboBox.cpp">
      <Filter>Source Files</Filter>
    </ClCompile>
    <ClCompile Include="EoDbBlockFile.cpp">
      <Filter>Source Files</Filter>
    </ClCompile>
    <ClCompile Include="EoDbJobFile.cpp">
      <Filter>Source Files</Filter>
    </ClCompile>
    <ClCompile Include="EoDbTracingFile.cpp">
      <Filter>Source Files</Filter>
    </ClCompile>
    <ClCompile Include="EoDbPegFile.cpp">
      <Filter>Source Files</Filter>
    </ClCompile>
    <ClCompile Include="EoGeReferenceSystem.cpp">
      <Filter>Source Files</Filter>
    </ClCompile>
    <ClCompile Include="EoGeLine.cpp">
      <Filter>Source Files</Filter>
    </ClCompile>
    <ClCompile Include="EoDbFontDefinition.cpp">
      <Filter>Source Files</Filter>
    </ClCompile>
    <ClCompile Include="EoDbCharacterCellDefinition.cpp">
      <Filter>Source Files</Filter>
    </ClCompile>
    <ClCompile Include="EoGePolyline.cpp">
      <Filter>Source Files</Filter>
    </ClCompile>
    <ClCompile Include="AeSysView.cpp">
      <Filter>Source Files\AeSysView</Filter>
    </ClCompile>
    <ClCompile Include="EoViTrapMode.cpp">
      <Filter>Source Files\AeSysView</Filter>
    </ClCompile>
    <ClCompile Include="EoViPrimitiveSubModeMend.cpp">
      <Filter>Source Files\AeSysView</Filter>
    </ClCompile>
    <ClCompile Include="EoViPrimitiveSubModeEdit.cpp">
      <Filter>Source Files\AeSysView</Filter>
    </ClCompile>
    <ClCompile Include="EoViPowerMode.cpp">
      <Filter>Source Files\AeSysView</Filter>
    </ClCompile>
    <ClCompile Include="EoViPipeMode.cpp">
      <Filter>Source Files\AeSysView</Filter>
    </ClCompile>
    <ClCompile Include="EoViNodalMode.cpp">
      <Filter>Source Files\AeSysView</Filter>
    </ClCompile>
    <ClCompile Include="EoViModelView.cpp">
      <Filter>Source Files\AeSysView</Filter>
    </ClCompile>
    <ClCompile Include="EoViLPDMode.cpp">
      <Filter>Source Files\AeSysView</Filter>
    </ClCompile>
    <ClCompile Include="EoViGroupSubModeEdit.cpp">
      <Filter>Source Files\AeSysView</Filter>
    </ClCompile>
    <ClCompile Include="EoViFixupMode.cpp">
      <Filter>Source Files\AeSysView</Filter>
    </ClCompile>
    <ClCompile Include="EoViEditMode.cpp">
      <Filter>Source Files\AeSysView</Filter>
    </ClCompile>
    <ClCompile Include="EoViDrawMode.cpp">
      <Filter>Source Files\AeSysView</Filter>
    </ClCompile>
    <ClCompile Include="EoViDraw2Mode.cpp">
      <Filter>Source Files\AeSysView</Filter>
    </ClCompile>
    <ClCompile Include="EoViDimensionMode.cpp">
      <Filter>Source Files\AeSysView</Filter>
    </ClCompile>
    <ClCompile Include="EoViCutMode.cpp">
      <Filter>Source Files\AeSysView</Filter>
    </ClCompile>
    <ClCompile Include="EoViConstraints.cpp">
      <Filter>Source Files\AeSysView</Filter>
    </ClCompile>
    <ClCompile Include="EoViAnnotateMode.cpp">
      <Filter>Source Files\AeSysView</Filter>
    </ClCompile>
    <ClCompile Include="lex.yy.cpp">
      <Filter>Source Files</Filter>
    </ClCompile>
    <ClCompile Include="EoDlgLineTypesSelection.cpp">
      <Filter>Source Files</Filter>
    </ClCompile>
    <ClCompile Include="EoDbDrwInterface.cpp">
      <Filter>Source Files</Filter>
    </ClCompile>
    <ClCompile Include="EoDlgSetupPointStyle.cpp">
      <Filter>Source Files</Filter>
    </ClCompile>
    <ClCompile Include="Eo.cpp">
      <Filter>Source Files</Filter>
    </ClCompile>
    <ClCompile Include="Tests\TestEllipseGeneration.cpp">
      <Filter>Source Files</Filter>
    </ClCompile>
    <ClCompile Include="EoDbCircle.cpp">
      <Filter>Source Files</Filter>
    </ClCompile>
    <ClCompile Include="EoDbArc.cpp">
      <Filter>Source Files</Filter>
    </ClCompile>
  </ItemGroup>
  <ItemGroup>
    <None Include="res\AeSys.rc2">
      <Filter>Resource Files</Filter>
    </None>
    <None Include="res\Simplex.psf">
      <Filter>Resource Files</Filter>
    </None>
    <None Include="hlp\AeSys.hhc">
      <Filter>HTML Help Files</Filter>
    </None>
    <None Include="hlp\AeSys.hhk">
      <Filter>HTML Help Files</Filter>
    </None>
    <None Include="hlp\acon0002.htm">
      <Filter>HTML Help Topics</Filter>
    </None>
    <None Include="hlp\acon050f.htm">
      <Filter>HTML Help Topics</Filter>
    </None>
    <None Include="hlp\acon0fow.htm">
      <Filter>HTML Help Topics</Filter>
    </None>
    <None Include="hlp\acon0iyh.htm">
      <Filter>HTML Help Topics</Filter>
    </None>
    <None Include="hlp\acon0koe.htm">
      <Filter>HTML Help Topics</Filter>
    </None>
    <None Include="hlp\acon0xmc.htm">
      <Filter>HTML Help Topics</Filter>
    </None>
    <None Include="hlp\acon12sw.htm">
      <Filter>HTML Help Topics</Filter>
    </None>
    <None Include="hlp\acon171h.htm">
      <Filter>HTML Help Topics</Filter>
    </None>
    <None Include="hlp\acon1q3n.htm">
      <Filter>HTML Help Topics</Filter>
    </None>
    <None Include="hlp\acon1q46.htm">
      <Filter>HTML Help Topics</Filter>
    </None>
    <None Include="hlp\acon1q48.htm">
      <Filter>HTML Help Topics</Filter>
    </None>
    <None Include="hlp\acon1whg.htm">
      <Filter>HTML Help Topics</Filter>
    </None>
    <None Include="hlp\acon1yy4.htm">
      <Filter>HTML Help Topics</Filter>
    </None>
    <None Include="hlp\acon22w5.htm">
      <Filter>HTML Help Topics</Filter>
    </None>
    <None Include="hlp\acon250l.htm">
      <Filter>HTML Help Topics</Filter>
    </None>
    <None Include="hlp\acon26ec.htm">
      <Filter>HTML Help Topics</Filter>
    </None>
    <None Include="hlp\acon29np.htm">
      <Filter>HTML Help Topics</Filter>
    </None>
    <None Include="hlp\acon3cvk.htm">
      <Filter>HTML Help Topics</Filter>
    </None>
    <None Include="hlp\acon3hkk.htm">
      <Filter>HTML Help Topics</Filter>
    </None>
    <None Include="hlp\acon3ueq.htm">
      <Filter>HTML Help Topics</Filter>
    </None>
    <None Include="hlp\acon48it.htm">
      <Filter>HTML Help Topics</Filter>
    </None>
    <None Include="hlp\acon4kf9.htm">
      <Filter>HTML Help Topics</Filter>
    </None>
    <None Include="hlp\acon4lda.htm">
      <Filter>HTML Help Topics</Filter>
    </None>
    <None Include="hlp\acon4wv7.htm">
      <Filter>HTML Help Topics</Filter>
    </None>
    <None Include="hlp\acon5dil.htm">
      <Filter>HTML Help Topics</Filter>
    </None>
    <None Include="hlp\acon5i3r.htm">
      <Filter>HTML Help Topics</Filter>
    </None>
    <None Include="hlp\acon5mb6.htm">
      <Filter>HTML Help Topics</Filter>
    </None>
    <None Include="hlp\acon5ohj.htm">
      <Filter>HTML Help Topics</Filter>
    </None>
    <None Include="hlp\acon5rcj.htm">
      <Filter>HTML Help Topics</Filter>
    </None>
    <None Include="hlp\acon65sv.htm">
      <Filter>HTML Help Topics</Filter>
    </None>
    <None Include="hlp\acon6lr8.htm">
      <Filter>HTML Help Topics</Filter>
    </None>
    <None Include="hlp\acon7yhx.htm">
      <Filter>HTML Help Topics</Filter>
    </None>
    <None Include="hlp\acon80dj.htm">
      <Filter>HTML Help Topics</Filter>
    </None>
    <None Include="hlp\acon85kj.htm">
      <Filter>HTML Help Topics</Filter>
    </None>
    <None Include="hlp\acon8cv6.htm">
      <Filter>HTML Help Topics</Filter>
    </None>
    <None Include="hlp\acon8khg.htm">
      <Filter>HTML Help Topics</Filter>
    </None>
    <None Include="hlp\acon8n5l.htm">
      <Filter>HTML Help Topics</Filter>
    </None>
    <None Include="hlp\acon92jy.htm">
      <Filter>HTML Help Topics</Filter>
    </None>
    <None Include="hlp\acon9g9z.htm">
      <Filter>HTML Help Topics</Filter>
    </None>
    <None Include="hlp\acon9gxf.htm">
      <Filter>HTML Help Topics</Filter>
    </None>
    <None Include="hlp\acon9j1g.htm">
      <Filter>HTML Help Topics</Filter>
    </None>
    <None Include="hlp\acon9jok.htm">
      <Filter>HTML Help Topics</Filter>
    </None>
    <None Include="hlp\acon9sqf.htm">
      <Filter>HTML Help Topics</Filter>
    </None>
    <None Include="hlp\afx_hidd_color.htm">
      <Filter>HTML Help Topics</Filter>
    </None>
    <None Include="hlp\afx_hidd_fileopen.htm">
      <Filter>HTML Help Topics</Filter>
    </None>
    <None Include="hlp\afx_hidd_filesave.htm">
      <Filter>HTML Help Topics</Filter>
    </None>
    <None Include="hlp\afx_hidd_find.htm">
      <Filter>HTML Help Topics</Filter>
    </None>
    <None Include="hlp\afx_hidd_font.htm">
      <Filter>HTML Help Topics</Filter>
    </None>
    <None Include="hlp\afx_hidd_newtypedlg.htm">
      <Filter>HTML Help Topics</Filter>
    </None>
    <None Include="hlp\afx_hidd_print.htm">
      <Filter>HTML Help Topics</Filter>
    </None>
    <None Include="hlp\afx_hidd_printdlg.htm">
      <Filter>HTML Help Topics</Filter>
    </None>
    <None Include="hlp\afx_hidd_printsetup.htm">
      <Filter>HTML Help Topics</Filter>
    </None>
    <None Include="hlp\afx_hidd_replace.htm">
      <Filter>HTML Help Topics</Filter>
    </None>
    <None Include="hlp\afx_hidp_default.htm">
      <Filter>HTML Help Topics</Filter>
    </None>
    <None Include="hlp\afx_hidw_dockbar_top.htm">
      <Filter>HTML Help Topics</Filter>
    </None>
    <None Include="hlp\afx_hidw_preview_bar.htm">
      <Filter>HTML Help Topics</Filter>
    </None>
    <None Include="hlp\afx_hidw_status_bar.htm">
      <Filter>HTML Help Topics</Filter>
    </None>
    <None Include="hlp\afx_hidw_toolbar.htm">
      <Filter>HTML Help Topics</Filter>
    </None>
    <None Include="hlp\dde.htm">
      <Filter>HTML Help Topics</Filter>
    </None>
    <None Include="hlp\dde_advise.htm">
      <Filter>HTML Help Topics</Filter>
    </None>
    <None Include="hlp\dde_commands.htm">
      <Filter>HTML Help Topics</Filter>
    </None>
    <None Include="hlp\dde_example1.htm">
      <Filter>HTML Help Topics</Filter>
    </None>
    <None Include="hlp\dde_example2.htm">
      <Filter>HTML Help Topics</Filter>
    </None>
    <None Include="hlp\dde_example3.htm">
      <Filter>HTML Help Topics</Filter>
    </None>
    <None Include="hlp\dde_example4.htm">
      <Filter>HTML Help Topics</Filter>
    </None>
    <None Include="hlp\dde_execute.htm">
      <Filter>HTML Help Topics</Filter>
    </None>
    <None Include="hlp\dde_executedrawingcommands.htm">
      <Filter>HTML Help Topics</Filter>
    </None>
    <None Include="hlp\dde_foxpro.htm">
      <Filter>HTML Help Topics</Filter>
    </None>
    <None Include="hlp\dde_initiate.htm">
      <Filter>HTML Help Topics</Filter>
    </None>
    <None Include="hlp\dde_linkexecute.htm">
      <Filter>HTML Help Topics</Filter>
    </None>
    <None Include="hlp\dde_linkitem.htm">
      <Filter>HTML Help Topics</Filter>
    </None>
    <None Include="hlp\dde_linkmode.htm">
      <Filter>HTML Help Topics</Filter>
    </None>
    <None Include="hlp\dde_linkpoke.htm">
      <Filter>HTML Help Topics</Filter>
    </None>
    <None Include="hlp\dde_linkrequest.htm">
      <Filter>HTML Help Topics</Filter>
    </None>
    <None Include="hlp\dde_linktopic.htm">
      <Filter>HTML Help Topics</Filter>
    </None>
    <None Include="hlp\dde_poke.htm">
      <Filter>HTML Help Topics</Filter>
    </None>
    <None Include="hlp\dde_request.htm">
      <Filter>HTML Help Topics</Filter>
    </None>
    <None Include="hlp\dde_send_char_command.htm">
      <Filter>HTML Help Topics</Filter>
    </None>
    <None Include="hlp\dde_send_key_command.htm">
      <Filter>HTML Help Topics</Filter>
    </None>
    <None Include="hlp\dde_terminate.htm">
      <Filter>HTML Help Topics</Filter>
    </None>
    <None Include="hlp\dde_topic_names_general.htm">
      <Filter>HTML Help Topics</Filter>
    </None>
    <None Include="hlp\dde_variable.htm">
      <Filter>HTML Help Topics</Filter>
    </None>
    <None Include="hlp\definitions.htm">
      <Filter>HTML Help Topics</Filter>
    </None>
    <None Include="hlp\definitions_add.htm">
      <Filter>HTML Help Topics</Filter>
    </None>
    <None Include="hlp\definitions_attribute.htm">
      <Filter>HTML Help Topics</Filter>
    </None>
    <None Include="hlp\definitions_axis.htm">
      <Filter>HTML Help Topics</Filter>
    </None>
    <None Include="hlp\definitions_buffer.htm">
      <Filter>HTML Help Topics</Filter>
    </None>
    <None Include="hlp\definitions_cancel.htm">
      <Filter>HTML Help Topics</Filter>
    </None>
    <None Include="hlp\definitions_captionbar.htm">
      <Filter>HTML Help Topics</Filter>
    </None>
    <None Include="hlp\definitions_circle.htm">
      <Filter>HTML Help Topics</Filter>
    </None>
    <None Include="hlp\definitions_compress.htm">
      <Filter>HTML Help Topics</Filter>
    </None>
    <None Include="hlp\definitions_constructionline.htm">
      <Filter>HTML Help Topics</Filter>
    </None>
    <None Include="hlp\definitions_diamondkeys.htm">
      <Filter>HTML Help Topics</Filter>
    </None>
    <None Include="hlp\definitions_dimension.htm">
      <Filter>HTML Help Topics</Filter>
    </None>
    <None Include="hlp\definitions_drag.htm">
      <Filter>HTML Help Topics</Filter>
    </None>
    <None Include="hlp\definitions_draw.htm">
      <Filter>HTML Help Topics</Filter>
    </None>
    <None Include="hlp\definitions_drawing.htm">
      <Filter>HTML Help Topics</Filter>
    </None>
    <None Include="hlp\definitions_edit.htm">
      <Filter>HTML Help Topics</Filter>
    </None>
    <None Include="hlp\definitions_ellipse.htm">
      <Filter>HTML Help Topics</Filter>
    </None>
    <None Include="hlp\definitions_engage.htm">
      <Filter>HTML Help Topics</Filter>
    </None>
    <None Include="hlp\definitions_expand.htm">
      <Filter>HTML Help Topics</Filter>
    </None>
    <None Include="hlp\definitions_expansion.htm">
      <Filter>HTML Help Topics</Filter>
    </None>
    <None Include="hlp\definitions_file.htm">
      <Filter>HTML Help Topics</Filter>
    </None>
    <None Include="hlp\definitions_filter.htm">
      <Filter>HTML Help Topics</Filter>
    </None>
    <None Include="hlp\definitions_fixup.htm">
      <Filter>HTML Help Topics</Filter>
    </None>
    <None Include="hlp\definitions_flip.htm">
      <Filter>HTML Help Topics</Filter>
    </None>
    <None Include="hlp\definitions_font.htm">
      <Filter>HTML Help Topics</Filter>
    </None>
    <None Include="hlp\definitions_invert.htm">
      <Filter>HTML Help Topics</Filter>
    </None>
    <None Include="hlp\definitions_layer.htm">
      <Filter>HTML Help Topics</Filter>
    </None>
    <None Include="hlp\definitions_line.htm">
      <Filter>HTML Help Topics</Filter>
    </None>
    <None Include="hlp\definitions_linestyle.htm">
      <Filter>HTML Help Topics</Filter>
    </None>
    <None Include="hlp\definitions_map.htm">
      <Filter>HTML Help Topics</Filter>
    </None>
    <None Include="hlp\definitions_mode.htm">
      <Filter>HTML Help Topics</Filter>
    </None>
    <None Include="hlp\definitions_modify.htm">
      <Filter>HTML Help Topics</Filter>
    </None>
    <None Include="hlp\definitions_new.htm">
      <Filter>HTML Help Topics</Filter>
    </None>
    <None Include="hlp\definitions_odometer.htm">
      <Filter>HTML Help Topics</Filter>
    </None>
    <None Include="hlp\definitions_open.htm">
      <Filter>HTML Help Topics</Filter>
    </None>
    <None Include="hlp\definitions_orthogonal.htm">
      <Filter>HTML Help Topics</Filter>
    </None>
    <None Include="hlp\definitions_path.htm">
      <Filter>HTML Help Topics</Filter>
    </None>
    <None Include="hlp\definitions_pencolor.htm">
      <Filter>HTML Help Topics</Filter>
    </None>
    <None Include="hlp\definitions_polygon.htm">
      <Filter>HTML Help Topics</Filter>
    </None>
    <None Include="hlp\definitions_primitive.htm">
      <Filter>HTML Help Topics</Filter>
    </None>
    <None Include="hlp\definitions_quad.htm">
      <Filter>HTML Help Topics</Filter>
    </None>
    <None Include="hlp\definitions_query.htm">
      <Filter>HTML Help Topics</Filter>
    </None>
    <None Include="hlp\definitions_remove.htm">
      <Filter>HTML Help Topics</Filter>
    </None>
    <None Include="hlp\definitions_rotate.htm">
      <Filter>HTML Help Topics</Filter>
    </None>
    <None Include="hlp\definitions_rotation.htm">
      <Filter>HTML Help Topics</Filter>
    </None>
    <None Include="hlp\definitions_segment.htm">
      <Filter>HTML Help Topics</Filter>
    </None>
    <None Include="hlp\definitions_sheet.htm">
      <Filter>HTML Help Topics</Filter>
    </None>
    <None Include="hlp\definitions_snap.htm">
      <Filter>HTML Help Topics</Filter>
    </None>
    <None Include="hlp\definitions_square.htm">
      <Filter>HTML Help Topics</Filter>
    </None>
    <None Include="hlp\definitions_symbol.htm">
      <Filter>HTML Help Topics</Filter>
    </None>
    <None Include="hlp\definitions_tracing.htm">
      <Filter>HTML Help Topics</Filter>
    </None>
    <None Include="hlp\definitions_trap.htm">
      <Filter>HTML Help Topics</Filter>
    </None>
    <None Include="hlp\definitions_vector.htm">
      <Filter>HTML Help Topics</Filter>
    </None>
    <None Include="hlp\definitions_view.htm">
      <Filter>HTML Help Topics</Filter>
    </None>
    <None Include="hlp\definitions_vista.htm">
      <Filter>HTML Help Topics</Filter>
    </None>
    <None Include="hlp\display.htm">
      <Filter>HTML Help Topics</Filter>
    </None>
    <None Include="hlp\draw6zu4.htm">
      <Filter>HTML Help Topics</Filter>
    </None>
    <None Include="hlp\EoStyles.css">
      <Filter>HTML Help Topics</Filter>
    </None>
    <None Include="hlp\features.htm">
      <Filter>HTML Help Topics</Filter>
    </None>
    <None Include="hlp\file_structure.htm">
      <Filter>HTML Help Topics</Filter>
    </None>
    <None Include="hlp\global_keys.htm">
      <Filter>HTML Help Topics</Filter>
    </None>
    <None Include="hlp\group_edit.htm">
      <Filter>HTML Help Topics</Filter>
    </None>
    <None Include="hlp\h_snap_commands.htm">
      <Filter>HTML Help Topics</Filter>
    </None>
    <None Include="hlp\hid_annotate_mode_1.htm">
      <Filter>HTML Help Topics</Filter>
    </None>
    <None Include="hlp\hid_annotate_mode_arrow.htm">
      <Filter>HTML Help Topics</Filter>
    </None>
    <None Include="hlp\hid_annotate_mode_box.htm">
      <Filter>HTML Help Topics</Filter>
    </None>
    <None Include="hlp\hid_annotate_mode_bubble.htm">
      <Filter>HTML Help Topics</Filter>
    </None>
    <None Include="hlp\hid_annotate_mode_constructionline.htm">
      <Filter>HTML Help Topics</Filter>
    </None>
    <None Include="hlp\hid_annotate_mode_cutin.htm">
      <Filter>HTML Help Topics</Filter>
    </None>
    <None Include="hlp\hid_annotate_mode_hook.htm">
      <Filter>HTML Help Topics</Filter>
    </None>
    <None Include="hlp\hid_annotate_mode_line.htm">
      <Filter>HTML Help Topics</Filter>
    </None>
    <None Include="hlp\hid_annotate_mode_options.htm">
      <Filter>HTML Help Topics</Filter>
    </None>
    <None Include="hlp\hid_annotate_mode_underline.htm">
      <Filter>HTML Help Topics</Filter>
    </None>
    <None Include="hlp\hid_app_about.htm">
      <Filter>HTML Help Topics</Filter>
    </None>
    <None Include="hlp\hid_app_exit.htm">
      <Filter>HTML Help Topics</Filter>
    </None>
    <None Include="hlp\hid_context_help.htm">
      <Filter>HTML Help Topics</Filter>
    </None>
    <None Include="hlp\hid_cut_mode_clip.htm">
      <Filter>HTML Help Topics</Filter>
    </None>
    <None Include="hlp\hid_cut_mode_divide.htm">
      <Filter>HTML Help Topics</Filter>
    </None>
    <None Include="hlp\hid_cut_mode_field.htm">
      <Filter>HTML Help Topics</Filter>
    </None>
    <None Include="hlp\hid_cut_mode_options.htm">
      <Filter>HTML Help Topics</Filter>
    </None>
    <None Include="hlp\hid_cut_mode_slice.htm">
      <Filter>HTML Help Topics</Filter>
    </None>
    <None Include="hlp\hid_cut_mode_torch.htm">
      <Filter>HTML Help Topics</Filter>
    </None>
    <None Include="hlp\hid_dimension_mode_angle.htm">
      <Filter>HTML Help Topics</Filter>
    </None>
    <None Include="hlp\hid_dimension_mode_arrow.htm">
      <Filter>HTML Help Topics</Filter>
    </None>
    <None Include="hlp\hid_dimension_mode_convert.htm">
      <Filter>HTML Help Topics</Filter>
    </None>
    <None Include="hlp\hid_dimension_mode_diameter.htm">
      <Filter>HTML Help Topics</Filter>
    </None>
    <None Include="hlp\hid_dimension_mode_dline.htm">
      <Filter>HTML Help Topics</Filter>
    </None>
    <None Include="hlp\hid_dimension_mode_dline2.htm">
      <Filter>HTML Help Topics</Filter>
    </None>
    <None Include="hlp\hid_dimension_mode_exten.htm">
      <Filter>HTML Help Topics</Filter>
    </None>
    <None Include="hlp\hid_dimension_mode_line.htm">
      <Filter>HTML Help Topics</Filter>
    </None>
    <None Include="hlp\hid_dimension_mode_options.htm">
      <Filter>HTML Help Topics</Filter>
    </None>
    <None Include="hlp\hid_dimension_mode_radius.htm">
      <Filter>HTML Help Topics</Filter>
    </None>
    <None Include="hlp\hid_draw2_mode_join.htm">
      <Filter>HTML Help Topics</Filter>
    </None>
    <None Include="hlp\hid_draw2_mode_options.htm">
      <Filter>HTML Help Topics</Filter>
    </None>
    <None Include="hlp\hid_draw2_mode_wall.htm">
      <Filter>HTML Help Topics</Filter>
    </None>
    <None Include="hlp\hid_draw_mode_arc.htm">
      <Filter>HTML Help Topics</Filter>
    </None>
    <None Include="hlp\hid_draw_mode_bspline.htm">
      <Filter>HTML Help Topics</Filter>
    </None>
    <None Include="hlp\hid_draw_mode_circle.htm">
      <Filter>HTML Help Topics</Filter>
    </None>
    <None Include="hlp\hid_draw_mode_ellipse.htm">
      <Filter>HTML Help Topics</Filter>
    </None>
    <None Include="hlp\hid_draw_mode_insert.htm">
      <Filter>HTML Help Topics</Filter>
    </None>
    <None Include="hlp\hid_draw_mode_line.htm">
      <Filter>HTML Help Topics</Filter>
    </None>
    <None Include="hlp\hid_draw_mode_options.htm">
      <Filter>HTML Help Topics</Filter>
    </None>
    <None Include="hlp\hid_draw_mode_point.htm">
      <Filter>HTML Help Topics</Filter>
    </None>
    <None Include="hlp\hid_draw_mode_polygon.htm">
      <Filter>HTML Help Topics</Filter>
    </None>
    <None Include="hlp\hid_draw_mode_quad.htm">
      <Filter>HTML Help Topics</Filter>
    </None>
    <None Include="hlp\hid_edit_clear.htm">
      <Filter>HTML Help Topics</Filter>
    </None>
    <None Include="hlp\hid_edit_clear_all.htm">
      <Filter>HTML Help Topics</Filter>
    </None>
    <None Include="hlp\hid_edit_copy.htm">
      <Filter>HTML Help Topics</Filter>
    </None>
    <None Include="hlp\hid_edit_cut.htm">
      <Filter>HTML Help Topics</Filter>
    </None>
    <None Include="hlp\hid_edit_find.htm">
      <Filter>HTML Help Topics</Filter>
    </None>
    <None Include="hlp\hid_edit_mode_copy.htm">
      <Filter>HTML Help Topics</Filter>
    </None>
    <None Include="hlp\hid_edit_mode_enlarge.htm">
      <Filter>HTML Help Topics</Filter>
    </None>
    <None Include="hlp\hid_edit_mode_flip.htm">
      <Filter>HTML Help Topics</Filter>
    </None>
    <None Include="hlp\hid_edit_mode_move.htm">
      <Filter>HTML Help Topics</Filter>
    </None>
    <None Include="hlp\hid_edit_mode_options.htm">
      <Filter>HTML Help Topics</Filter>
    </None>
    <None Include="hlp\hid_edit_mode_pivot.htm">
      <Filter>HTML Help Topics</Filter>
    </None>
    <None Include="hlp\hid_edit_mode_reduce.htm">
      <Filter>HTML Help Topics</Filter>
    </None>
    <None Include="hlp\hid_edit_mode_rotccw.htm">
      <Filter>HTML Help Topics</Filter>
    </None>
    <None Include="hlp\hid_edit_mode_rotcw.htm">
      <Filter>HTML Help Topics</Filter>
    </None>
    <None Include="hlp\hid_edit_paste.htm">
      <Filter>HTML Help Topics</Filter>
    </None>
    <None Include="hlp\hid_edit_redo.htm">
      <Filter>HTML Help Topics</Filter>
    </None>
    <None Include="hlp\hid_edit_repeat.htm">
      <Filter>HTML Help Topics</Filter>
    </None>
    <None Include="hlp\hid_edit_replace.htm">
      <Filter>HTML Help Topics</Filter>
    </None>
    <None Include="hlp\hid_edit_undo.htm">
      <Filter>HTML Help Topics</Filter>
    </None>
    <None Include="hlp\hid_file_close.htm">
      <Filter>HTML Help Topics</Filter>
    </None>
    <None Include="hlp\hid_file_mru_file1.htm">
      <Filter>HTML Help Topics</Filter>
    </None>
    <None Include="hlp\hid_file_new.htm">
      <Filter>HTML Help Topics</Filter>
    </None>
    <None Include="hlp\hid_file_open.htm">
      <Filter>HTML Help Topics</Filter>
    </None>
    <None Include="hlp\hid_file_page_setup.htm">
      <Filter>HTML Help Topics</Filter>
    </None>
    <None Include="hlp\hid_file_print.htm">
      <Filter>HTML Help Topics</Filter>
    </None>
    <None Include="hlp\hid_file_print_preview.htm">
      <Filter>HTML Help Topics</Filter>
    </None>
    <None Include="hlp\hid_file_print_setup.htm">
      <Filter>HTML Help Topics</Filter>
    </None>
    <None Include="hlp\hid_file_save.htm">
      <Filter>HTML Help Topics</Filter>
    </None>
    <None Include="hlp\hid_file_save_as.htm">
      <Filter>HTML Help Topics</Filter>
    </None>
    <None Include="hlp\hid_file_send_mail.htm">
      <Filter>HTML Help Topics</Filter>
    </None>
    <None Include="hlp\hid_fixup_mode_chamfer.htm">
      <Filter>HTML Help Topics</Filter>
    </None>
    <None Include="hlp\hid_fixup_mode_fillet.htm">
      <Filter>HTML Help Topics</Filter>
    </None>
    <None Include="hlp\hid_fixup_mode_mend.htm">
      <Filter>HTML Help Topics</Filter>
    </None>
    <None Include="hlp\hid_fixup_mode_options.htm">
      <Filter>HTML Help Topics</Filter>
    </None>
    <None Include="hlp\hid_fixup_mode_parallel.htm">
      <Filter>HTML Help Topics</Filter>
    </None>
    <None Include="hlp\hid_fixup_mode_reference.htm">
      <Filter>HTML Help Topics</Filter>
    </None>
    <None Include="hlp\hid_fixup_mode_square.htm">
      <Filter>HTML Help Topics</Filter>
    </None>
    <None Include="hlp\hid_help_index.htm">
      <Filter>HTML Help Topics</Filter>
    </None>
    <None Include="hlp\hid_help_using.htm">
      <Filter>HTML Help Topics</Filter>
    </None>
    <None Include="hlp\hid_ht_caption.htm">
      <Filter>HTML Help Topics</Filter>
    </None>
    <None Include="hlp\hid_ht_nowhere.htm">
      <Filter>HTML Help Topics</Filter>
    </None>
    <None Include="hlp\hid_mode_annotate.htm">
      <Filter>HTML Help Topics</Filter>
    </None>
    <None Include="hlp\hid_mode_cut.htm">
      <Filter>HTML Help Topics</Filter>
    </None>
    <None Include="hlp\hid_mode_dimension.htm">
      <Filter>HTML Help Topics</Filter>
    </None>
    <None Include="hlp\hid_mode_draw.htm">
      <Filter>HTML Help Topics</Filter>
    </None>
    <None Include="hlp\hid_mode_draw2.htm">
      <Filter>HTML Help Topics</Filter>
    </None>
    <None Include="hlp\hid_mode_edit.htm">
      <Filter>HTML Help Topics</Filter>
    </None>
    <None Include="hlp\hid_mode_fixup.htm">
      <Filter>HTML Help Topics</Filter>
    </None>
    <None Include="hlp\hid_mode_nodal.htm">
      <Filter>HTML Help Topics</Filter>
    </None>
    <None Include="hlp\hid_mode_trap.htm">
      <Filter>HTML Help Topics</Filter>
    </None>
    <None Include="hlp\hid_next_pane.htm">
      <Filter>HTML Help Topics</Filter>
    </None>
    <None Include="hlp\hid_nodal_mode_addremove.htm">
      <Filter>HTML Help Topics</Filter>
    </None>
    <None Include="hlp\hid_nodal_mode_area.htm">
      <Filter>HTML Help Topics</Filter>
    </None>
    <None Include="hlp\hid_nodal_mode_copy.htm">
      <Filter>HTML Help Topics</Filter>
    </None>
    <None Include="hlp\hid_nodal_mode_empty.htm">
      <Filter>HTML Help Topics</Filter>
    </None>
    <None Include="hlp\hid_nodal_mode_engage.htm">
      <Filter>HTML Help Topics</Filter>
    </None>
    <None Include="hlp\hid_nodal_mode_line.htm">
      <Filter>HTML Help Topics</Filter>
    </None>
    <None Include="hlp\hid_nodal_mode_move.htm">
      <Filter>HTML Help Topics</Filter>
    </None>
    <None Include="hlp\hid_nodal_mode_point.htm">
      <Filter>HTML Help Topics</Filter>
    </None>
    <None Include="hlp\hid_nodal_mode_toline.htm">
      <Filter>HTML Help Topics</Filter>
    </None>
    <None Include="hlp\hid_nodal_mode_topolygon.htm">
      <Filter>HTML Help Topics</Filter>
    </None>
    <None Include="hlp\hid_prev_pane.htm">
      <Filter>HTML Help Topics</Filter>
    </None>
    <None Include="hlp\hid_sc_close.htm">
      <Filter>HTML Help Topics</Filter>
    </None>
    <None Include="hlp\hid_sc_maximize.htm">
      <Filter>HTML Help Topics</Filter>
    </None>
    <None Include="hlp\hid_sc_minimize.htm">
      <Filter>HTML Help Topics</Filter>
    </None>
    <None Include="hlp\hid_sc_move.htm">
      <Filter>HTML Help Topics</Filter>
    </None>
    <None Include="hlp\hid_sc_nextwindow.htm">
      <Filter>HTML Help Topics</Filter>
    </None>
    <None Include="hlp\hid_sc_prevwindow.htm">
      <Filter>HTML Help Topics</Filter>
    </None>
    <None Include="hlp\hid_sc_restore.htm">
      <Filter>HTML Help Topics</Filter>
    </None>
    <None Include="hlp\hid_sc_size.htm">
      <Filter>HTML Help Topics</Filter>
    </None>
    <None Include="hlp\hid_sc_tasklist.htm">
      <Filter>HTML Help Topics</Filter>
    </None>
    <None Include="hlp\hid_setup_pencolor.htm">
      <Filter>HTML Help Topics</Filter>
    </None>
    <None Include="hlp\hid_setup_penstyle.htm">
      <Filter>HTML Help Topics</Filter>
    </None>
    <None Include="hlp\hid_setup_scale.htm">
      <Filter>HTML Help Topics</Filter>
    </None>
    <None Include="hlp\hid_setup_units.htm">
      <Filter>HTML Help Topics</Filter>
    </None>
    <None Include="hlp\hid_tools_primitive_snapto.htm">
      <Filter>HTML Help Topics</Filter>
    </None>
    <None Include="hlp\hid_trap_mode_addremove.htm">
      <Filter>HTML Help Topics</Filter>
    </None>
    <None Include="hlp\hid_trap_mode_engage.htm">
      <Filter>HTML Help Topics</Filter>
    </None>
    <None Include="hlp\hid_trap_mode_field.htm">
      <Filter>HTML Help Topics</Filter>
    </None>
    <None Include="hlp\hid_trap_mode_last.htm">
      <Filter>HTML Help Topics</Filter>
    </None>
    <None Include="hlp\hid_trap_mode_menu.htm">
      <Filter>HTML Help Topics</Filter>
    </None>
    <None Include="hlp\hid_trap_mode_modify.htm">
      <Filter>HTML Help Topics</Filter>
    </None>
    <None Include="hlp\hid_trap_mode_point.htm">
      <Filter>HTML Help Topics</Filter>
    </None>
    <None Include="hlp\hid_trap_mode_stitch.htm">
      <Filter>HTML Help Topics</Filter>
    </None>
    <None Include="hlp\hid_view_ruler.htm">
      <Filter>HTML Help Topics</Filter>
    </None>
    <None Include="hlp\hid_view_status_bar.htm">
      <Filter>HTML Help Topics</Filter>
    </None>
    <None Include="hlp\hid_view_toolbar.htm">
      <Filter>HTML Help Topics</Filter>
    </None>
    <None Include="hlp\hid_window_all.htm">
      <Filter>HTML Help Topics</Filter>
    </None>
    <None Include="hlp\hid_window_arrange.htm">
      <Filter>HTML Help Topics</Filter>
    </None>
    <None Include="hlp\hid_window_cascade.htm">
      <Filter>HTML Help Topics</Filter>
    </None>
    <None Include="hlp\hid_window_new.htm">
      <Filter>HTML Help Topics</Filter>
    </None>
    <None Include="hlp\hid_window_split.htm">
      <Filter>HTML Help Topics</Filter>
    </None>
    <None Include="hlp\hid_window_tile.htm">
      <Filter>HTML Help Topics</Filter>
    </None>
    <None Include="hlp\hid_window_tile_horz.htm">
      <Filter>HTML Help Topics</Filter>
    </None>
    <None Include="hlp\hid_window_tile_vert.htm">
      <Filter>HTML Help Topics</Filter>
    </None>
    <None Include="hlp\hidr_pegaesystype.htm">
      <Filter>HTML Help Topics</Filter>
    </None>
    <None Include="hlp\history.htm">
      <Filter>HTML Help Topics</Filter>
    </None>
    <None Include="hlp\introduction.htm">
      <Filter>HTML Help Topics</Filter>
    </None>
    <None Include="hlp\keyindex.htm">
      <Filter>HTML Help Topics</Filter>
    </None>
    <None Include="hlp\main_index.htm">
      <Filter>HTML Help Topics</Filter>
    </None>
    <None Include="hlp\menu_edit.htm">
      <Filter>HTML Help Topics</Filter>
    </None>
    <None Include="hlp\menu_file.htm">
      <Filter>HTML Help Topics</Filter>
    </None>
    <None Include="hlp\menu_help.htm">
      <Filter>HTML Help Topics</Filter>
    </None>
    <None Include="hlp\menu_mode.htm">
      <Filter>HTML Help Topics</Filter>
    </None>
    <None Include="hlp\menu_mode_0.htm">
      <Filter>HTML Help Topics</Filter>
    </None>
    <None Include="hlp\menu_setup.htm">
      <Filter>HTML Help Topics</Filter>
    </None>
    <None Include="hlp\menu_tools.htm">
      <Filter>HTML Help Topics</Filter>
    </None>
    <None Include="hlp\menu_view.htm">
      <Filter>HTML Help Topics</Filter>
    </None>
    <None Include="hlp\menu_window.htm">
      <Filter>HTML Help Topics</Filter>
    </None>
    <None Include="hlp\menubar.htm">
      <Filter>HTML Help Topics</Filter>
    </None>
    <None Include="hlp\noda61q1.htm">
      <Filter>HTML Help Topics</Filter>
    </None>
    <None Include="hlp\ortho_tabs.htm">
      <Filter>HTML Help Topics</Filter>
    </None>
    <None Include="hlp\personal_note.htm">
      <Filter>HTML Help Topics</Filter>
    </None>
    <None Include="hlp\primarymodes.htm">
      <Filter>HTML Help Topics</Filter>
    </None>
    <None Include="hlp\primitive_edit.htm">
      <Filter>HTML Help Topics</Filter>
    </None>
    <None Include="hlp\prom0eup.htm">
      <Filter>HTML Help Topics</Filter>
    </None>
    <None Include="hlp\prom0euq.htm">
      <Filter>HTML Help Topics</Filter>
    </None>
    <None Include="hlp\prom0eur.htm">
      <Filter>HTML Help Topics</Filter>
    </None>
    <None Include="hlp\prom0eus.htm">
      <Filter>HTML Help Topics</Filter>
    </None>
    <None Include="hlp\prom0eut.htm">
      <Filter>HTML Help Topics</Filter>
    </None>
    <None Include="hlp\prom0euu.htm">
      <Filter>HTML Help Topics</Filter>
    </None>
    <None Include="hlp\prom0euv.htm">
      <Filter>HTML Help Topics</Filter>
    </None>
    <None Include="hlp\prom0euw.htm">
      <Filter>HTML Help Topics</Filter>
    </None>
    <None Include="hlp\prom0eux.htm">
      <Filter>HTML Help Topics</Filter>
    </None>
    <None Include="hlp\prom6els.htm">
      <Filter>HTML Help Topics</Filter>
    </None>
    <None Include="hlp\prom6elt.htm">
      <Filter>HTML Help Topics</Filter>
    </None>
    <None Include="hlp\prom6elu.htm">
      <Filter>HTML Help Topics</Filter>
    </None>
    <None Include="hlp\prom6elv.htm">
      <Filter>HTML Help Topics</Filter>
    </None>
    <None Include="hlp\prom6elw.htm">
      <Filter>HTML Help Topics</Filter>
    </None>
    <None Include="hlp\prom6elx.htm">
      <Filter>HTML Help Topics</Filter>
    </None>
    <None Include="hlp\prom6ely.htm">
      <Filter>HTML Help Topics</Filter>
    </None>
    <None Include="hlp\prom6elz.htm">
      <Filter>HTML Help Topics</Filter>
    </None>
    <None Include="hlp\reportbar.htm">
      <Filter>HTML Help Topics</Filter>
    </None>
    <None Include="hlp\scrollbars.htm">
      <Filter>HTML Help Topics</Filter>
    </None>
    <None Include="hlp\secondary_modes.htm">
      <Filter>HTML Help Topics</Filter>
    </None>
    <None Include="hlp\setu0777.htm">
      <Filter>HTML Help Topics</Filter>
    </None>
    <None Include="hlp\setu15kk.htm">
      <Filter>HTML Help Topics</Filter>
    </None>
    <None Include="hlp\setu2qic.htm">
      <Filter>HTML Help Topics</Filter>
    </None>
    <None Include="hlp\setu2yyb.htm">
      <Filter>HTML Help Topics</Filter>
    </None>
    <None Include="hlp\setu3wbw.htm">
      <Filter>HTML Help Topics</Filter>
    </None>
    <None Include="hlp\setu414i.htm">
      <Filter>HTML Help Topics</Filter>
    </None>
    <None Include="hlp\setu4euq.htm">
      <Filter>HTML Help Topics</Filter>
    </None>
    <None Include="hlp\setu9dut.htm">
      <Filter>HTML Help Topics</Filter>
    </None>
    <None Include="hlp\setu9odp.htm">
      <Filter>HTML Help Topics</Filter>
    </None>
    <None Include="hlp\setu9ued.htm">
      <Filter>HTML Help Topics</Filter>
    </None>
    <None Include="hlp\shee0001.htm">
      <Filter>HTML Help Topics</Filter>
    </None>
    <None Include="hlp\shee05d2.htm">
      <Filter>HTML Help Topics</Filter>
    </None>
    <None Include="hlp\shee065q.htm">
      <Filter>HTML Help Topics</Filter>
    </None>
    <None Include="hlp\shee0a1x.htm">
      <Filter>HTML Help Topics</Filter>
    </None>
    <None Include="hlp\shee0aia.htm">
      <Filter>HTML Help Topics</Filter>
    </None>
    <None Include="hlp\shee0put.htm">
      <Filter>HTML Help Topics</Filter>
    </None>
    <None Include="hlp\shee1g8k.htm">
      <Filter>HTML Help Topics</Filter>
    </None>
    <None Include="hlp\shee1muf.htm">
      <Filter>HTML Help Topics</Filter>
    </None>
    <None Include="hlp\shee1x6a.htm">
      <Filter>HTML Help Topics</Filter>
    </None>
    <None Include="hlp\shee2czb.htm">
      <Filter>HTML Help Topics</Filter>
    </None>
    <None Include="hlp\shee3cdh.htm">
      <Filter>HTML Help Topics</Filter>
    </None>
    <None Include="hlp\shee3j8l.htm">
      <Filter>HTML Help Topics</Filter>
    </None>
    <None Include="hlp\shee3n72.htm">
      <Filter>HTML Help Topics</Filter>
    </None>
    <None Include="hlp\shee3rzo.htm">
      <Filter>HTML Help Topics</Filter>
    </None>
    <None Include="hlp\shee471v.htm">
      <Filter>HTML Help Topics</Filter>
    </None>
    <None Include="hlp\shee4f78.htm">
      <Filter>HTML Help Topics</Filter>
    </None>
    <None Include="hlp\shee4m5v.htm">
      <Filter>HTML Help Topics</Filter>
    </None>
    <None Include="hlp\shee4tk5.htm">
      <Filter>HTML Help Topics</Filter>
    </None>
    <None Include="hlp\shee4tph.htm">
      <Filter>HTML Help Topics</Filter>
    </None>
    <None Include="hlp\shee5ktq.htm">
      <Filter>HTML Help Topics</Filter>
    </None>
    <None Include="hlp\shee5v1v.htm">
      <Filter>HTML Help Topics</Filter>
    </None>
    <None Include="hlp\shee6hwr.htm">
      <Filter>HTML Help Topics</Filter>
    </None>
    <None Include="hlp\shee6isl.htm">
      <Filter>HTML Help Topics</Filter>
    </None>
    <None Include="hlp\shee6jla.htm">
      <Filter>HTML Help Topics</Filter>
    </None>
    <None Include="hlp\shee6njo.htm">
      <Filter>HTML Help Topics</Filter>
    </None>
    <None Include="hlp\shee6pwl.htm">
      <Filter>HTML Help Topics</Filter>
    </None>
    <None Include="hlp\shee6y7i.htm">
      <Filter>HTML Help Topics</Filter>
    </None>
    <None Include="hlp\shee712o.htm">
      <Filter>HTML Help Topics</Filter>
    </None>
    <None Include="hlp\shee731w.htm">
      <Filter>HTML Help Topics</Filter>
    </None>
    <None Include="hlp\shee7eic.htm">
      <Filter>HTML Help Topics</Filter>
    </None>
    <None Include="hlp\shee85yr.htm">
      <Filter>HTML Help Topics</Filter>
    </None>
    <None Include="hlp\shee85ys.htm">
      <Filter>HTML Help Topics</Filter>
    </None>
    <None Include="hlp\shee8x4c.htm">
      <Filter>HTML Help Topics</Filter>
    </None>
    <None Include="hlp\shee96lw.htm">
      <Filter>HTML Help Topics</Filter>
    </None>
    <None Include="hlp\shee9pdc.htm">
      <Filter>HTML Help Topics</Filter>
    </None>
    <None Include="hlp\shee9ter.htm">
      <Filter>HTML Help Topics</Filter>
    </None>
    <None Include="hlp\shee9xut.htm">
      <Filter>HTML Help Topics</Filter>
    </None>
    <None Include="hlp\snaps_centersnap.htm">
      <Filter>HTML Help Topics</Filter>
    </None>
    <None Include="hlp\snaps_intersectionwithpreviouspick.htm">
      <Filter>HTML Help Topics</Filter>
    </None>
    <None Include="hlp\snaps_inthedirectionof.htm">
      <Filter>HTML Help Topics</Filter>
    </None>
    <None Include="hlp\snaps_lineorsegment.htm">
      <Filter>HTML Help Topics</Filter>
    </None>
    <None Include="hlp\snaps_nodeorpoint.htm">
      <Filter>HTML Help Topics</Filter>
    </None>
    <None Include="hlp\snaps_perpendicular.htm">
      <Filter>HTML Help Topics</Filter>
    </None>
    <None Include="hlp\snaps_polygonsurfaceortangent.htm">
      <Filter>HTML Help Topics</Filter>
    </None>
    <None Include="hlp\tag_key.htm">
      <Filter>HTML Help Topics</Filter>
    </None>
    <None Include="hlp\toolbar.htm">
      <Filter>HTML Help Topics</Filter>
    </None>
    <None Include="hlp\trap06n8.htm">
      <Filter>HTML Help Topics</Filter>
    </None>
    <None Include="hlp\trap0bdt.htm">
      <Filter>HTML Help Topics</Filter>
    </None>
    <None Include="hlp\trap0bdv.htm">
      <Filter>HTML Help Topics</Filter>
    </None>
    <None Include="hlp\trap0bdx.htm">
      <Filter>HTML Help Topics</Filter>
    </None>
    <None Include="hlp\trap0bdy.htm">
      <Filter>HTML Help Topics</Filter>
    </None>
    <None Include="hlp\trap0be1.htm">
      <Filter>HTML Help Topics</Filter>
    </None>
    <None Include="hlp\trap0be6.htm">
      <Filter>HTML Help Topics</Filter>
    </None>
    <None Include="hlp\trap0be9.htm">
      <Filter>HTML Help Topics</Filter>
    </None>
    <None Include="hlp\trap0beb.htm">
      <Filter>HTML Help Topics</Filter>
    </None>
    <None Include="hlp\trap0bef.htm">
      <Filter>HTML Help Topics</Filter>
    </None>
    <None Include="hlp\trap223p.htm">
      <Filter>HTML Help Topics</Filter>
    </None>
    <None Include="hlp\trap51wl.htm">
      <Filter>HTML Help Topics</Filter>
    </None>
    <None Include="hlp\trap7mxw.htm">
      <Filter>HTML Help Topics</Filter>
    </None>
    <None Include="hlp\trap9855.htm">
      <Filter>HTML Help Topics</Filter>
    </None>
    <None Include="hlp\tutorial.htm">
      <Filter>HTML Help Topics</Filter>
    </None>
    <None Include="hlp\welcome.htm">
      <Filter>HTML Help Topics</Filter>
    </None>
    <None Include="res\layer_filters.bmp">
      <Filter>Resource Files\Bitmaps</Filter>
    </None>
    <None Include="res\LayerStates.bmp">
      <Filter>Resource Files\Bitmaps</Filter>
    </None>
    <None Include="res\LayerStates_hc.bmp">
      <Filter>Resource Files\Bitmaps</Filter>
    </None>
    <None Include="res\properties.bmp">
      <Filter>Resource Files\Bitmaps</Filter>
    </None>
    <None Include="res\properties_hc.bmp">
      <Filter>Resource Files\Bitmaps</Filter>
    </None>
    <None Include="res\Toolbar.bmp">
      <Filter>Resource Files\Bitmaps</Filter>
    </None>
    <None Include="res\Toolbar256.bmp">
      <Filter>Resource Files\Bitmaps</Filter>
    </None>
    <None Include="res\TrapRMode.cur">
      <Filter>Resource Files\Cursors</Filter>
    </None>
    <None Include="res\AnnotateMode.cur">
      <Filter>Resource Files\Cursors</Filter>
    </None>
    <None Include="res\CutMode.cur">
      <Filter>Resource Files\Cursors</Filter>
    </None>
    <None Include="res\Draw2Mode.cur">
      <Filter>Resource Files\Cursors</Filter>
    </None>
    <None Include="res\DrawMode.cur">
      <Filter>Resource Files\Cursors</Filter>
    </None>
    <None Include="res\EditMode.cur">
      <Filter>Resource Files\Cursors</Filter>
    </None>
    <None Include="res\FixupMode.cur">
      <Filter>Resource Files\Cursors</Filter>
    </None>
    <None Include="res\NodalMode.cur">
      <Filter>Resource Files\Cursors</Filter>
    </None>
    <None Include="res\DimensionMode.cur">
      <Filter>Resource Files\Cursors</Filter>
    </None>
    <None Include="res\LowPressureDuct.cur">
      <Filter>Resource Files\Cursors</Filter>
    </None>
    <None Include="res\NodalRMode.cur">
      <Filter>Resource Files\Cursors</Filter>
    </None>
    <None Include="res\PipeMode.cur">
      <Filter>Resource Files\Cursors</Filter>
    </None>
    <None Include="res\PowerMode.cur">
      <Filter>Resource Files\Cursors</Filter>
    </None>
    <None Include="res\TrapMode.cur">
      <Filter>Resource Files\Cursors</Filter>
    </None>
    <None Include="res\AeSys.ico">
      <Filter>Resource Files\Icons</Filter>
    </None>
    <None Include="res\AeSys_Gold.ico">
      <Filter>Resource Files\Icons</Filter>
    </None>
    <None Include="res\output_wnd.ico">
      <Filter>Resource Files\Icons</Filter>
    </None>
    <None Include="res\output_wnd_hc.ico">
      <Filter>Resource Files\Icons</Filter>
    </None>
    <None Include="res\properties_wnd.ico">
      <Filter>Resource Files\Icons</Filter>
    </None>
    <None Include="res\properties_wnd_hc.ico">
      <Filter>Resource Files\Icons</Filter>
    </None>
    <None Include=".clang-format" />
    <None Include=".clang-tidy" />
    <None Include="lex_regexp.dat">
      <Filter>Resource Files</Filter>
    </None>
    <None Include="Markdowns\Dde Description and Few Uses.md">
      <Filter>Markdowns</Filter>
    </None>
    <None Include="Markdowns\Job File Format.md">
      <Filter>Markdowns</Filter>
    </None>
    <None Include="Markdowns\Peg &amp; Tra File Formats.md">
      <Filter>Markdowns</Filter>
    </None>
    <None Include="Markdowns\Analysis of lex.cpp and Modernization Suggestions.md">
      <Filter>Markdowns</Filter>
    </None>
    <None Include="vshints.hm">
      <Filter>Header Files</Filter>
    </None>
    <None Include="Tools\reflex_static_lib.pdb" />
    <None Include="C:\Users\tsmit\Desktop\Help Peg.pdf" />
    <None Include="Markdowns\dxf header.md">
      <Filter>Markdowns</Filter>
    </None>
    <None Include="Markdowns\libdxfrw - Technical Specifications.md">
      <Filter>Markdowns</Filter>
    </None>
    <None Include="Markdowns\DXF Symbol Tables.md" />
    <None Include="Markdowns\PegFileFormatWithHandles.md" />
  </ItemGroup>
  <ItemGroup>
    <ResourceCompile Include="AeSys.rc">
      <Filter>Resource Files</Filter>
    </ResourceCompile>
  </ItemGroup>
  <ItemGroup>
    <CustomBuild Include="hlp\AeSys.hhp">
      <Filter>HTML Help Files</Filter>
    </CustomBuild>
  </ItemGroup>
  <ItemGroup>
    <ClInclude Include="TargetVer.h">
      <Filter>Header Files</Filter>
    </ClInclude>
    <ClInclude Include="Stdafx.h">
      <Filter>Header Files</Filter>
    </ClInclude>
    <ClInclude Include="Section.h">
      <Filter>Header Files</Filter>
    </ClInclude>
    <ClInclude Include="Resource.h">
      <Filter>Header Files</Filter>
    </ClInclude>
    <ClInclude Include="PrimState.h">
      <Filter>Header Files</Filter>
    </ClInclude>
    <ClInclude Include="Preview.h">
      <Filter>Header Files</Filter>
    </ClInclude>
    <ClInclude Include="PegColors.h">
      <Filter>Header Files</Filter>
    </ClInclude>
    <ClInclude Include="MainFrm.h">
      <Filter>Header Files</Filter>
    </ClInclude>
    <ClInclude Include="Lex.h">
      <Filter>Header Files</Filter>
    </ClInclude>
    <ClInclude Include="Hatch.h">
      <Filter>Header Files</Filter>
    </ClInclude>
    <ClInclude Include="EoMfPropertiesDockablePane.h">
      <Filter>Header Files</Filter>
    </ClInclude>
    <ClInclude Include="EoMfOutputDockablePane.h">
      <Filter>Header Files</Filter>
    </ClInclude>
    <ClInclude Include="EoGeVector3d.h">
      <Filter>Header Files</Filter>
    </ClInclude>
    <ClInclude Include="EoGeUniquePoint.h">
      <Filter>Header Files</Filter>
    </ClInclude>
    <ClInclude Include="EoGePoint3d.h">
      <Filter>Header Files</Filter>
    </ClInclude>
    <ClInclude Include="EoDbText.h">
      <Filter>Header Files</Filter>
    </ClInclude>
    <ClInclude Include="EoDbSpline.h">
      <Filter>Header Files</Filter>
    </ClInclude>
    <ClInclude Include="EoDbPolyline.h">
      <Filter>Header Files</Filter>
    </ClInclude>
    <ClInclude Include="EoDbPolygon.h">
      <Filter>Header Files</Filter>
    </ClInclude>
    <ClInclude Include="EoDbPoint.h">
      <Filter>Header Files</Filter>
    </ClInclude>
    <ClInclude Include="EoDbMaskedPrimitive.h">
      <Filter>Header Files</Filter>
    </ClInclude>
    <ClInclude Include="EoDbLine.h">
      <Filter>Header Files</Filter>
    </ClInclude>
    <ClInclude Include="EoDbGroupList.h">
      <Filter>Header Files</Filter>
    </ClInclude>
    <ClInclude Include="EoDbGroup.h">
      <Filter>Header Files</Filter>
    </ClInclude>
    <ClInclude Include="EoDbEllipse.h">
      <Filter>Header Files</Filter>
    </ClInclude>
    <ClInclude Include="EoDbDimension.h">
      <Filter>Header Files</Filter>
    </ClInclude>
    <ClInclude Include="EoDbBlockReference.h">
      <Filter>Header Files</Filter>
    </ClInclude>
    <ClInclude Include="EoDbBlock.h">
      <Filter>Header Files</Filter>
    </ClInclude>
    <ClInclude Include="EoApOptions.h">
      <Filter>Header Files</Filter>
    </ClInclude>
    <ClInclude Include="ChildFrm.h">
      <Filter>Header Files</Filter>
    </ClInclude>
    <ClInclude Include="AeSysView.h">
      <Filter>Header Files</Filter>
    </ClInclude>
    <ClInclude Include="AeSysDoc.h">
      <Filter>Header Files</Filter>
    </ClInclude>
    <ClInclude Include="EoDbLineTypeTable.h">
      <Filter>Header Files</Filter>
    </ClInclude>
    <ClInclude Include="EoDbLineType.h">
      <Filter>Header Files</Filter>
    </ClInclude>
    <ClInclude Include="EoDbLayer.h">
      <Filter>Header Files</Filter>
    </ClInclude>
    <ClInclude Include="EoCtrlColorsButton.h">
      <Filter>Header Files</Filter>
    </ClInclude>
    <ClInclude Include="EoDlgAnnotateOptions.h">
      <Filter>Header Files\Dialogs</Filter>
    </ClInclude>
    <ClInclude Include="EoDlgEditOptions.h">
      <Filter>Header Files\Dialogs</Filter>
    </ClInclude>
    <ClInclude Include="EoDlgFileManage.h">
      <Filter>Header Files\Dialogs</Filter>
    </ClInclude>
    <ClInclude Include="EoDlgLowPressureDuctOptions.h">
      <Filter>Header Files\Dialogs</Filter>
    </ClInclude>
    <ClInclude Include="EoDlgSetAngle.h">
      <Filter>Header Files\Dialogs</Filter>
    </ClInclude>
    <ClInclude Include="EoDlgSetLength.h">
      <Filter>Header Files\Dialogs</Filter>
    </ClInclude>
    <ClInclude Include="EoDlgSetScale.h">
      <Filter>Header Files\Dialogs</Filter>
    </ClInclude>
    <ClInclude Include="EoDlgSetText.h">
      <Filter>Header Files\Dialogs</Filter>
    </ClInclude>
    <ClInclude Include="EoDlgSetUnitsAndPrecision.h">
      <Filter>Header Files\Dialogs</Filter>
    </ClInclude>
    <ClInclude Include="EoDlgSetupColor.h">
      <Filter>Header Files\Dialogs</Filter>
    </ClInclude>
    <ClInclude Include="EoDlgSetupConstraints.h">
      <Filter>Header Files\Dialogs</Filter>
    </ClInclude>
    <ClInclude Include="EoDlgSetupCustomMouseCharacters.h">
      <Filter>Header Files\Dialogs</Filter>
    </ClInclude>
    <ClInclude Include="EoDlgSetupLineType.h">
      <Filter>Header Files\Dialogs</Filter>
    </ClInclude>
    <ClInclude Include="EoDlgViewZoom.h">
      <Filter>Header Files\Dialogs</Filter>
    </ClInclude>
    <ClInclude Include="EoDlgPipeSymbol.h">
      <Filter>Header Files\Dialogs</Filter>
    </ClInclude>
    <ClInclude Include="EoDlgPipeOptions.h">
      <Filter>Header Files\Dialogs</Filter>
    </ClInclude>
    <ClInclude Include="EoDlgSelectGotoHomePoint.h">
      <Filter>Header Files\Dialogs</Filter>
    </ClInclude>
    <ClInclude Include="EoDlgSetHomePoint.h">
      <Filter>Header Files\Dialogs</Filter>
    </ClInclude>
    <ClInclude Include="EoDlgLineWeight.h">
      <Filter>Header Files\Dialogs</Filter>
    </ClInclude>
    <ClInclude Include="EoDlgSetupNote.h">
      <Filter>Header Files\Dialogs</Filter>
    </ClInclude>
    <ClInclude Include="EoDlgSetupHatch.h">
      <Filter>Header Files</Filter>
    </ClInclude>
    <ClInclude Include="EoDlgDrawOptions.h">
      <Filter>Header Files\Dialogs</Filter>
    </ClInclude>
    <ClInclude Include="EoDlgModeLetter.h">
      <Filter>Header Files\Dialogs</Filter>
    </ClInclude>
    <ClInclude Include="EoDlgModeRevise.h">
      <Filter>Header Files\Dialogs</Filter>
    </ClInclude>
    <ClInclude Include="EoDlgFixupOptions.h">
      <Filter>Header Files\Dialogs</Filter>
    </ClInclude>
    <ClInclude Include="EoDlgSetPastePosition.h">
      <Filter>Header Files\Dialogs</Filter>
    </ClInclude>
    <ClInclude Include="EoDlgTrapModify.h">
      <Filter>Header Files\Dialogs</Filter>
    </ClInclude>
    <ClInclude Include="EoDlgBlockInsert.h">
      <Filter>Header Files\Dialogs</Filter>
    </ClInclude>
    <ClInclude Include="EoDlgTrapFilter.h">
      <Filter>Header Files\Dialogs</Filter>
    </ClInclude>
    <ClInclude Include="EoDlgEditTrapCommandsQuery.h">
      <Filter>Header Files\Dialogs</Filter>
    </ClInclude>
    <ClInclude Include="EoDlgViewParameters.h">
      <Filter>Header Files\Dialogs</Filter>
    </ClInclude>
    <ClInclude Include="EoDlgSelectIsometricView.h">
      <Filter>Header Files\Dialogs</Filter>
    </ClInclude>
    <ClInclude Include="EoDlgActiveViewKeyplan.h">
      <Filter>Header Files\Dialogs</Filter>
    </ClInclude>
    <ClInclude Include="EoGsAbstractView.h">
      <Filter>Header Files</Filter>
    </ClInclude>
    <ClInclude Include="EoGsModelTransform.h">
      <Filter>Header Files</Filter>
    </ClInclude>
    <ClInclude Include="EoGsViewTransform.h">
      <Filter>Header Files</Filter>
    </ClInclude>
    <ClInclude Include="EoGsViewport.h">
      <Filter>Header Files</Filter>
    </ClInclude>
    <ClInclude Include="EoGeMatrix.h">
      <Filter>Header Files</Filter>
    </ClInclude>
    <ClInclude Include="EoGePoint4d.h">
      <Filter>Header Files</Filter>
    </ClInclude>
    <ClInclude Include="AeSys.h">
      <Filter>Header Files</Filter>
    </ClInclude>
    <ClInclude Include="EoGeTransformMatrix.h">
      <Filter>Header Files</Filter>
    </ClInclude>
    <ClInclude Include="EoDbBitmapFile.h">
      <Filter>Header Files</Filter>
    </ClInclude>
    <ClInclude Include="EoCtrlFindComboBox.h">
      <Filter>Header Files</Filter>
    </ClInclude>
    <ClInclude Include="EoDbBlockFile.h">
      <Filter>Header Files</Filter>
    </ClInclude>
    <ClInclude Include="EoDbJobFile.h">
      <Filter>Header Files</Filter>
    </ClInclude>
    <ClInclude Include="EoDbTracingFile.h">
      <Filter>Header Files</Filter>
    </ClInclude>
    <ClInclude Include="EoDbPegFile.h">
      <Filter>Header Files</Filter>
    </ClInclude>
    <ClInclude Include="EoGeReferenceSystem.h">
      <Filter>Header Files</Filter>
    </ClInclude>
    <ClInclude Include="EoGeLine.h">
      <Filter>Header Files</Filter>
    </ClInclude>
    <ClInclude Include="EoDbFontDefinition.h">
      <Filter>Header Files</Filter>
    </ClInclude>
    <ClInclude Include="EoDbCharacterCellDefinition.h">
      <Filter>Header Files</Filter>
    </ClInclude>
    <ClInclude Include="EoGePolyline.h">
      <Filter>Header Files</Filter>
    </ClInclude>
    <ClInclude Include="EoDb.h">
      <Filter>Header Files</Filter>
    </ClInclude>
    <ClInclude Include="Dde.h">
      <Filter>Header Files\DDE</Filter>
    </ClInclude>
    <ClInclude Include="DdeCmds.h">
      <Filter>Header Files\DDE</Filter>
    </ClInclude>
    <ClInclude Include="DdeGItms.h">
      <Filter>Header Files\DDE</Filter>
    </ClInclude>
    <ClInclude Include="DdeSys.h">
      <Filter>Header Files\DDE</Filter>
    </ClInclude>
    <ClInclude Include="LexTable.h">
      <Filter>Header Files</Filter>
    </ClInclude>
    <ClInclude Include="lex.yy.h">
      <Filter>Header Files</Filter>
    </ClInclude>
    <ClInclude Include="EoDlgLineTypesSelection.h">
      <Filter>Header Files</Filter>
    </ClInclude>
    <ClInclude Include="EoDbHeaderSection.h">
      <Filter>Header Files</Filter>
    </ClInclude>
    <ClInclude Include="EoDbDrwInterface.h">
      <Filter>Header Files</Filter>
    </ClInclude>
    <ClInclude Include="EoDlgSetupPointStyle.h">
      <Filter>Header Files</Filter>
    </ClInclude>
    <ClInclude Include="Header.h">
      <Filter>Header Files</Filter>
    </ClInclude>
    <ClInclude Include="Eo.h">
      <Filter>Header Files</Filter>
    </ClInclude>
    <ClInclude Include="Tests\TestEllipseGeneration.h">
      <Filter>Header Files</Filter>
    </ClInclude>
    <ClInclude Include="EoDbCircle.h">
      <Filter>Header Files</Filter>
    </ClInclude>
    <ClInclude Include="EoDbArc.h">
      <Filter>Header Files</Filter>
    </ClInclude>
    <ClInclude Include="EoDbPrimitive.h">
      <Filter>Header Files</Filter>
    </ClInclude>
  </ItemGroup>
  <ItemGroup>
    <Text Include="lex_rules.l" />
    <Text Include="res\LineTypes\LineTypes-ISO128.txt" />
    <Text Include="res\LineTypes\LineTypes-ACAD.txt" />
    <Text Include="res\LineTypes\LineTypes(X5).txt" />
    <Text Include="res\LineTypes\LineTypes-ACAD(scaled to AeSys).txt" />
    <Text Include="res\LineTypes\LineTypes-ISO128(scaled to AeSys).txt" />
  </ItemGroup>
  <ItemGroup>
    <Library Include="Tools\reflex_static_lib.lib" />
  </ItemGroup>
</Project>